
Microsoft Visual Studio Solution File, Format Version 12.00
# Visual Studio Version 17
VisualStudioVersion = 17.0.31903.59
MinimumVisualStudioVersion = 10.0.40219.1
Project("{FAE04EC0-301F-11D3-BF4B-00C04F79EFBC}") = "exerciciosfase1", "exerciciosfase1\exerciciosfase1.csproj", "{439FCCF6-1644-464F-9C5F-2504B5BC60C1}"
EndProject
Project("{FAE04EC0-301F-11D3-BF4B-00C04F79EFBC}") = "exerciciosfase2", "exerciciosfase2\exerciciosfase2.csproj", "{0ADD6560-FA31-4ADD-A6F0-298B17000ACF}"
EndProject
Project("{FAE04EC0-301F-11D3-BF4B-00C04F79EFBC}") = "exerciciosfase3", "exerciciosfase3\exerciciosfase3.csproj", "{9BB34DD8-F19B-4856-815A-CF941DF10265}"
EndProject
Project("{FAE04EC0-301F-11D3-BF4B-00C04F79EFBC}") = "exercicios4", "exercicios4\exercicios4.csproj", "{E83660A9-932B-4B94-BC6E-E9F27E16ACB4}"
EndProject
Project("{FAE04EC0-301F-11D3-BF4B-00C04F79EFBC}") = "exercicios5", "exercicios5\exercicios5.csproj", "{546DE455-BDDC-4573-8661-1B78C40AC748}"
EndProject
Project("{FAE04EC0-301F-11D3-BF4B-00C04F79EFBC}") = "exercicios7", "exercicios7\exercicios7.csproj", "{3FF989DA-08D5-4A3E-ABFF-D06019D1C0FA}"
EndProject
Project("{FAE04EC0-301F-11D3-BF4B-00C04F79EFBC}") = "exercicios8", "exercicios8\exercicios8.csproj", "{15D663A3-2E02-47A2-8049-0528C644E643}"
EndProject
Project("{FAE04EC0-301F-11D3-BF4B-00C04F79EFBC}") = "exercicios9", "exercicios9\exercicios9.csproj", "{97A0081A-9D4A-482A-A5C5-415AFF0E0E26}"
EndProject
Project("{FAE04EC0-301F-11D3-BF4B-00C04F79EFBC}") = "exercicios10", "exercicios10\exercicios10.csproj", "{284AF4A4-C131-4D0B-87F3-110ECA7AB576}"
EndProject
Project("{FAE04EC0-301F-11D3-BF4B-00C04F79EFBC}") = "exercicios11", "exercicios11\exercicios11.csproj", "{D5CD077E-F9FE-45E3-A650-C39284CB29C9}"
EndProject
Project("{FAE04EC0-301F-11D3-BF4B-00C04F79EFBC}") = "exercicios12", "exercicios12\exercicios12.csproj", "{4A7E55CB-B1DC-4CC4-A3C7-98155E1E47E1}"
EndProject
Project("{FAE04EC0-301F-11D3-BF4B-00C04F79EFBC}") = "exercicios13", "exercicios13\exercicios13.csproj", "{80694DE5-CE10-4606-9C73-4B29069A2E1B}"
EndProject
Project("{FAE04EC0-301F-11D3-BF4B-00C04F79EFBC}") = "colecoes", "colecoes\colecoes.csproj", "{0FD8478E-12CA-4547-BCB6-BBBCB63C6055}"
EndProject
Project("{FAE04EC0-301F-11D3-BF4B-00C04F79EFBC}") = "colecoes2", "colecoes2\colecoes2.csproj", "{1C84C22B-4B57-451B-B327-FB7DADAE9C2C}"
EndProject
Project("{FAE04EC0-301F-11D3-BF4B-00C04F79EFBC}") = "colecoes3", "colecoes3\colecoes3.csproj", "{7646B3F8-15E7-419E-AB7E-A8551F350A17}"
EndProject
Project("{FAE04EC0-301F-11D3-BF4B-00C04F79EFBC}") = "colecoes4", "colecoes4\colecoes4.csproj", "{5611F685-E885-47A8-9969-50611C183345}"
EndProject
Project("{FAE04EC0-301F-11D3-BF4B-00C04F79EFBC}") = "colecoes5", "colecoes5\colecoes5.csproj", "{11A9FD32-F123-4D8F-BE64-197A890BC123}"
EndProject
Project("{FAE04EC0-301F-11D3-BF4B-00C04F79EFBC}") = "colecoes6", "colecoes6\colecoes6.csproj", "{E4F9B9E1-F120-4EB3-9A5B-C05E802D6E6A}"
EndProject
Project("{FAE04EC0-301F-11D3-BF4B-00C04F79EFBC}") = "colecoes7", "colecoes7\colecoes7.csproj", "{621D1247-DDFF-473E-A6BE-7B964F12984E}"
EndProject
Project("{FAE04EC0-301F-11D3-BF4B-00C04F79EFBC}") = "Herança1", "Herança1\Herança1.csproj", "{14F18044-E501-4CBA-9CF9-BB832099FFAE}"
EndProject
Project("{FAE04EC0-301F-11D3-BF4B-00C04F79EFBC}") = "Interfaces", "Interfaces\Interfaces.csproj", "{6539B1F3-924B-4BFF-98C5-FDA8AF64A9BE}"
EndProject
Project("{FAE04EC0-301F-11D3-BF4B-00C04F79EFBC}") = "Heranca2", "Heranca2\Heranca2.csproj", "{696FAD05-57DA-42A5-AEC3-0A6ED58BD2A6}"
EndProject
Project("{FAE04EC0-301F-11D3-BF4B-00C04F79EFBC}") = "Heranca3", "Heranca3\Heranca3.csproj", "{32D9B39B-472D-482A-B995-5A99D06FA889}"
EndProject
Project("{FAE04EC0-301F-11D3-BF4B-00C04F79EFBC}") = "Heranca4", "Heranca4\Heranca4.csproj", "{CD910E90-AA5D-4B12-B386-759BCB5664F2}"
EndProject
Project("{FAE04EC0-301F-11D3-BF4B-00C04F79EFBC}") = "Heranca5", "Heranca5\Heranca5.csproj", "{D2DCF6A0-DD48-43E1-BF11-3B2294E7D24F}"
EndProject
Project("{FAE04EC0-301F-11D3-BF4B-00C04F79EFBC}") = "Heranca6", "Heranca6\Heranca6.csproj", "{09EDB227-C7FB-4A55-B511-C93367C8CE1B}"
EndProject
Project("{FAE04EC0-301F-11D3-BF4B-00C04F79EFBC}") = "Generics8", "Generics8\Generics8.csproj", "{59A8BCC2-B196-4CA6-883E-A3BF207A101B}"
EndProject
Project("{FAE04EC0-301F-11D3-BF4B-00C04F79EFBC}") = "Generics9", "Generics9\Generics9.csproj", "{6E802DEE-CF83-44CB-A496-1611EEEDA5A5}"
EndProject
Project("{FAE04EC0-301F-11D3-BF4B-00C04F79EFBC}") = "Generics10", "Generics10\Generics10.csproj", "{063E69B1-A42D-412E-A5BF-3B86A3F7C27A}"
EndProject
Project("{FAE04EC0-301F-11D3-BF4B-00C04F79EFBC}") = "Generics11", "Generics11\Generics11.csproj", "{88A898C3-C6FC-42C2-96E4-0EAAE53E2962}"
EndProject
Project("{FAE04EC0-301F-11D3-BF4B-00C04F79EFBC}") = "Generics12", "Generics12\Generics12.csproj", "{68E7C247-1B88-47A6-9754-DA2965713F06}"
EndProject
Project("{FAE04EC0-301F-11D3-BF4B-00C04F79EFBC}") = "excecoes3", "excecoes3\excecoes3.csproj", "{D271298B-5D05-4D5F-9658-4E0CADBA6DAA}"
EndProject
Project("{FAE04EC0-301F-11D3-BF4B-00C04F79EFBC}") = "excecoes4", "excecoes4\excecoes4.csproj", "{7509714A-0C2B-4C90-B284-4697B73B7522}"
EndProject
Project("{FAE04EC0-301F-11D3-BF4B-00C04F79EFBC}") = "excecoes5", "excecoes5\excecoes5.csproj", "{37B281BA-EF82-47AB-84D3-02C9564488FA}"
EndProject
Project("{FAE04EC0-301F-11D3-BF4B-00C04F79EFBC}") = "excecoes6", "excecoes6\excecoes6.csproj", "{A62DCDC8-71B7-47D0-9FAB-0C8D7BB571B8}"
EndProject
Project("{FAE04EC0-301F-11D3-BF4B-00C04F79EFBC}") = "delegate2", "delegate2\delegate2.csproj", "{1FD23B66-577E-42A7-9547-CF39D8AF44E0}"
EndProject
Project("{FAE04EC0-301F-11D3-BF4B-00C04F79EFBC}") = "delegate3", "delegate3\delegate3.csproj", "{159BDAAC-B678-45BF-A717-7759DCBF3FC4}"
EndProject
Project("{FAE04EC0-301F-11D3-BF4B-00C04F79EFBC}") = "delegate4", "delegate4\delegate4.csproj", "{256864AB-C307-4C79-9B2D-08E53CC41FED}"
EndProject
Project("{FAE04EC0-301F-11D3-BF4B-00C04F79EFBC}") = "delegate6", "delegate6\delegate6.csproj", "{89DA42F1-F2A0-4F97-9A1D-EB80D448EF33}"
EndProject
Project("{FAE04EC0-301F-11D3-BF4B-00C04F79EFBC}") = "delegate7", "delegate7\delegate7.csproj", "{DC75F17D-9121-4395-90CE-A6B1D0143580}"
EndProject
Project("{FAE04EC0-301F-11D3-BF4B-00C04F79EFBC}") = "delegate9", "delegate9\delegate9.csproj", "{F938DEE8-A7D4-4C05-81AF-EF5DE6A9F382}"
EndProject
Project("{FAE04EC0-301F-11D3-BF4B-00C04F79EFBC}") = "delegate10", "delegate10\delegate10.csproj", "{0DF4D45C-DB14-4468-B1EF-EDD017B63E68}"
EndProject
Project("{FAE04EC0-301F-11D3-BF4B-00C04F79EFBC}") = "arquivos1", "arquivos1\arquivos1.csproj", "{3CEF853A-5CC0-4B45-BA46-D733FCFA761C}"
EndProject
Project("{FAE04EC0-301F-11D3-BF4B-00C04F79EFBC}") = "arquivos2", "arquivos2\arquivos2.csproj", "{3A0E0077-DB46-43E7-B788-43F5ECFB6637}"
EndProject
Project("{FAE04EC0-301F-11D3-BF4B-00C04F79EFBC}") = "arquivos3", "arquivos3\arquivos3.csproj", "{107F6BEF-B333-4642-BE51-B81DA0241D09}"
EndProject
Project("{FAE04EC0-301F-11D3-BF4B-00C04F79EFBC}") = "arquivos4", "arquivos4\arquivos4.csproj", "{980A9D7A-6C04-4385-855D-79995514F0D3}"
EndProject
Project("{FAE04EC0-301F-11D3-BF4B-00C04F79EFBC}") = "arquivos5", "arquivos5\arquivos5.csproj", "{59E1E040-9506-4F36-B39E-2A23CA315D37}"
EndProject
Project("{FAE04EC0-301F-11D3-BF4B-00C04F79EFBC}") = "arquivos6", "arquivos6\arquivos6.csproj", "{78CB3CF5-2389-44B3-B31F-33AE19B50105}"
EndProject
Project("{FAE04EC0-301F-11D3-BF4B-00C04F79EFBC}") = "arquivos7", "arquivos7\arquivos7.csproj", "{F0C5E0DD-0E58-4108-940D-FBC203423664}"
EndProject
Project("{FAE04EC0-301F-11D3-BF4B-00C04F79EFBC}") = "arquivos8", "arquivos8\arquivos8.csproj", "{7017AA5A-2367-4319-96B1-5D3C8BFD33C2}"
EndProject
Project("{FAE04EC0-301F-11D3-BF4B-00C04F79EFBC}") = "arquivos9", "arquivos9\arquivos9.csproj", "{9A94F975-98CC-4648-B6C6-3A23BFBA3727}"
EndProject
Project("{FAE04EC0-301F-11D3-BF4B-00C04F79EFBC}") = "arquivos10", "arquivos10\arquivos10.csproj", "{E6B1D5CC-7B10-47B6-A89C-7D0EB3CFF896}"
EndProject
Project("{FAE04EC0-301F-11D3-BF4B-00C04F79EFBC}") = "arquivos11", "arquivos11\arquivos11.csproj", "{033DF75E-84DC-4905-8ED5-EC1D79C0D959}"
EndProject
Global
	GlobalSection(SolutionProperties) = preSolution
		HideSolutionNode = FALSE
	EndGlobalSection
	GlobalSection(SolutionConfigurationPlatforms) = preSolution
		Debug|Any CPU = Debug|Any CPU
		Debug|x64 = Debug|x64
		Debug|x86 = Debug|x86
		Release|Any CPU = Release|Any CPU
		Release|x64 = Release|x64
		Release|x86 = Release|x86
	EndGlobalSection
	GlobalSection(ProjectConfigurationPlatforms) = postSolution
		{439FCCF6-1644-464F-9C5F-2504B5BC60C1}.Debug|Any CPU.ActiveCfg = Debug|Any CPU
		{439FCCF6-1644-464F-9C5F-2504B5BC60C1}.Debug|Any CPU.Build.0 = Debug|Any CPU
		{439FCCF6-1644-464F-9C5F-2504B5BC60C1}.Debug|x64.ActiveCfg = Debug|Any CPU
		{439FCCF6-1644-464F-9C5F-2504B5BC60C1}.Debug|x64.Build.0 = Debug|Any CPU
		{439FCCF6-1644-464F-9C5F-2504B5BC60C1}.Debug|x86.ActiveCfg = Debug|Any CPU
		{439FCCF6-1644-464F-9C5F-2504B5BC60C1}.Debug|x86.Build.0 = Debug|Any CPU
		{439FCCF6-1644-464F-9C5F-2504B5BC60C1}.Release|Any CPU.ActiveCfg = Release|Any CPU
		{439FCCF6-1644-464F-9C5F-2504B5BC60C1}.Release|Any CPU.Build.0 = Release|Any CPU
		{439FCCF6-1644-464F-9C5F-2504B5BC60C1}.Release|x64.ActiveCfg = Release|Any CPU
		{439FCCF6-1644-464F-9C5F-2504B5BC60C1}.Release|x64.Build.0 = Release|Any CPU
		{439FCCF6-1644-464F-9C5F-2504B5BC60C1}.Release|x86.ActiveCfg = Release|Any CPU
		{439FCCF6-1644-464F-9C5F-2504B5BC60C1}.Release|x86.Build.0 = Release|Any CPU
		{0ADD6560-FA31-4ADD-A6F0-298B17000ACF}.Debug|Any CPU.ActiveCfg = Debug|Any CPU
		{0ADD6560-FA31-4ADD-A6F0-298B17000ACF}.Debug|Any CPU.Build.0 = Debug|Any CPU
		{0ADD6560-FA31-4ADD-A6F0-298B17000ACF}.Debug|x64.ActiveCfg = Debug|Any CPU
		{0ADD6560-FA31-4ADD-A6F0-298B17000ACF}.Debug|x64.Build.0 = Debug|Any CPU
		{0ADD6560-FA31-4ADD-A6F0-298B17000ACF}.Debug|x86.ActiveCfg = Debug|Any CPU
		{0ADD6560-FA31-4ADD-A6F0-298B17000ACF}.Debug|x86.Build.0 = Debug|Any CPU
		{0ADD6560-FA31-4ADD-A6F0-298B17000ACF}.Release|Any CPU.ActiveCfg = Release|Any CPU
		{0ADD6560-FA31-4ADD-A6F0-298B17000ACF}.Release|Any CPU.Build.0 = Release|Any CPU
		{0ADD6560-FA31-4ADD-A6F0-298B17000ACF}.Release|x64.ActiveCfg = Release|Any CPU
		{0ADD6560-FA31-4ADD-A6F0-298B17000ACF}.Release|x64.Build.0 = Release|Any CPU
		{0ADD6560-FA31-4ADD-A6F0-298B17000ACF}.Release|x86.ActiveCfg = Release|Any CPU
		{0ADD6560-FA31-4ADD-A6F0-298B17000ACF}.Release|x86.Build.0 = Release|Any CPU
		{9BB34DD8-F19B-4856-815A-CF941DF10265}.Debug|Any CPU.ActiveCfg = Debug|Any CPU
		{9BB34DD8-F19B-4856-815A-CF941DF10265}.Debug|Any CPU.Build.0 = Debug|Any CPU
		{9BB34DD8-F19B-4856-815A-CF941DF10265}.Debug|x64.ActiveCfg = Debug|Any CPU
		{9BB34DD8-F19B-4856-815A-CF941DF10265}.Debug|x64.Build.0 = Debug|Any CPU
		{9BB34DD8-F19B-4856-815A-CF941DF10265}.Debug|x86.ActiveCfg = Debug|Any CPU
		{9BB34DD8-F19B-4856-815A-CF941DF10265}.Debug|x86.Build.0 = Debug|Any CPU
		{9BB34DD8-F19B-4856-815A-CF941DF10265}.Release|Any CPU.ActiveCfg = Release|Any CPU
		{9BB34DD8-F19B-4856-815A-CF941DF10265}.Release|Any CPU.Build.0 = Release|Any CPU
		{9BB34DD8-F19B-4856-815A-CF941DF10265}.Release|x64.ActiveCfg = Release|Any CPU
		{9BB34DD8-F19B-4856-815A-CF941DF10265}.Release|x64.Build.0 = Release|Any CPU
		{9BB34DD8-F19B-4856-815A-CF941DF10265}.Release|x86.ActiveCfg = Release|Any CPU
		{9BB34DD8-F19B-4856-815A-CF941DF10265}.Release|x86.Build.0 = Release|Any CPU
		{E83660A9-932B-4B94-BC6E-E9F27E16ACB4}.Debug|Any CPU.ActiveCfg = Debug|Any CPU
		{E83660A9-932B-4B94-BC6E-E9F27E16ACB4}.Debug|Any CPU.Build.0 = Debug|Any CPU
		{E83660A9-932B-4B94-BC6E-E9F27E16ACB4}.Debug|x64.ActiveCfg = Debug|Any CPU
		{E83660A9-932B-4B94-BC6E-E9F27E16ACB4}.Debug|x64.Build.0 = Debug|Any CPU
		{E83660A9-932B-4B94-BC6E-E9F27E16ACB4}.Debug|x86.ActiveCfg = Debug|Any CPU
		{E83660A9-932B-4B94-BC6E-E9F27E16ACB4}.Debug|x86.Build.0 = Debug|Any CPU
		{E83660A9-932B-4B94-BC6E-E9F27E16ACB4}.Release|Any CPU.ActiveCfg = Release|Any CPU
		{E83660A9-932B-4B94-BC6E-E9F27E16ACB4}.Release|Any CPU.Build.0 = Release|Any CPU
		{E83660A9-932B-4B94-BC6E-E9F27E16ACB4}.Release|x64.ActiveCfg = Release|Any CPU
		{E83660A9-932B-4B94-BC6E-E9F27E16ACB4}.Release|x64.Build.0 = Release|Any CPU
		{E83660A9-932B-4B94-BC6E-E9F27E16ACB4}.Release|x86.ActiveCfg = Release|Any CPU
		{E83660A9-932B-4B94-BC6E-E9F27E16ACB4}.Release|x86.Build.0 = Release|Any CPU
		{546DE455-BDDC-4573-8661-1B78C40AC748}.Debug|Any CPU.ActiveCfg = Debug|Any CPU
		{546DE455-BDDC-4573-8661-1B78C40AC748}.Debug|Any CPU.Build.0 = Debug|Any CPU
		{546DE455-BDDC-4573-8661-1B78C40AC748}.Debug|x64.ActiveCfg = Debug|Any CPU
		{546DE455-BDDC-4573-8661-1B78C40AC748}.Debug|x64.Build.0 = Debug|Any CPU
		{546DE455-BDDC-4573-8661-1B78C40AC748}.Debug|x86.ActiveCfg = Debug|Any CPU
		{546DE455-BDDC-4573-8661-1B78C40AC748}.Debug|x86.Build.0 = Debug|Any CPU
		{546DE455-BDDC-4573-8661-1B78C40AC748}.Release|Any CPU.ActiveCfg = Release|Any CPU
		{546DE455-BDDC-4573-8661-1B78C40AC748}.Release|Any CPU.Build.0 = Release|Any CPU
		{546DE455-BDDC-4573-8661-1B78C40AC748}.Release|x64.ActiveCfg = Release|Any CPU
		{546DE455-BDDC-4573-8661-1B78C40AC748}.Release|x64.Build.0 = Release|Any CPU
		{546DE455-BDDC-4573-8661-1B78C40AC748}.Release|x86.ActiveCfg = Release|Any CPU
		{546DE455-BDDC-4573-8661-1B78C40AC748}.Release|x86.Build.0 = Release|Any CPU
		{3FF989DA-08D5-4A3E-ABFF-D06019D1C0FA}.Debug|Any CPU.ActiveCfg = Debug|Any CPU
		{3FF989DA-08D5-4A3E-ABFF-D06019D1C0FA}.Debug|Any CPU.Build.0 = Debug|Any CPU
		{3FF989DA-08D5-4A3E-ABFF-D06019D1C0FA}.Debug|x64.ActiveCfg = Debug|Any CPU
		{3FF989DA-08D5-4A3E-ABFF-D06019D1C0FA}.Debug|x64.Build.0 = Debug|Any CPU
		{3FF989DA-08D5-4A3E-ABFF-D06019D1C0FA}.Debug|x86.ActiveCfg = Debug|Any CPU
		{3FF989DA-08D5-4A3E-ABFF-D06019D1C0FA}.Debug|x86.Build.0 = Debug|Any CPU
		{3FF989DA-08D5-4A3E-ABFF-D06019D1C0FA}.Release|Any CPU.ActiveCfg = Release|Any CPU
		{3FF989DA-08D5-4A3E-ABFF-D06019D1C0FA}.Release|Any CPU.Build.0 = Release|Any CPU
		{3FF989DA-08D5-4A3E-ABFF-D06019D1C0FA}.Release|x64.ActiveCfg = Release|Any CPU
		{3FF989DA-08D5-4A3E-ABFF-D06019D1C0FA}.Release|x64.Build.0 = Release|Any CPU
		{3FF989DA-08D5-4A3E-ABFF-D06019D1C0FA}.Release|x86.ActiveCfg = Release|Any CPU
		{3FF989DA-08D5-4A3E-ABFF-D06019D1C0FA}.Release|x86.Build.0 = Release|Any CPU
		{15D663A3-2E02-47A2-8049-0528C644E643}.Debug|Any CPU.ActiveCfg = Debug|Any CPU
		{15D663A3-2E02-47A2-8049-0528C644E643}.Debug|Any CPU.Build.0 = Debug|Any CPU
		{15D663A3-2E02-47A2-8049-0528C644E643}.Debug|x64.ActiveCfg = Debug|Any CPU
		{15D663A3-2E02-47A2-8049-0528C644E643}.Debug|x64.Build.0 = Debug|Any CPU
		{15D663A3-2E02-47A2-8049-0528C644E643}.Debug|x86.ActiveCfg = Debug|Any CPU
		{15D663A3-2E02-47A2-8049-0528C644E643}.Debug|x86.Build.0 = Debug|Any CPU
		{15D663A3-2E02-47A2-8049-0528C644E643}.Release|Any CPU.ActiveCfg = Release|Any CPU
		{15D663A3-2E02-47A2-8049-0528C644E643}.Release|Any CPU.Build.0 = Release|Any CPU
		{15D663A3-2E02-47A2-8049-0528C644E643}.Release|x64.ActiveCfg = Release|Any CPU
		{15D663A3-2E02-47A2-8049-0528C644E643}.Release|x64.Build.0 = Release|Any CPU
		{15D663A3-2E02-47A2-8049-0528C644E643}.Release|x86.ActiveCfg = Release|Any CPU
		{15D663A3-2E02-47A2-8049-0528C644E643}.Release|x86.Build.0 = Release|Any CPU
		{97A0081A-9D4A-482A-A5C5-415AFF0E0E26}.Debug|Any CPU.ActiveCfg = Debug|Any CPU
		{97A0081A-9D4A-482A-A5C5-415AFF0E0E26}.Debug|Any CPU.Build.0 = Debug|Any CPU
		{97A0081A-9D4A-482A-A5C5-415AFF0E0E26}.Debug|x64.ActiveCfg = Debug|Any CPU
		{97A0081A-9D4A-482A-A5C5-415AFF0E0E26}.Debug|x64.Build.0 = Debug|Any CPU
		{97A0081A-9D4A-482A-A5C5-415AFF0E0E26}.Debug|x86.ActiveCfg = Debug|Any CPU
		{97A0081A-9D4A-482A-A5C5-415AFF0E0E26}.Debug|x86.Build.0 = Debug|Any CPU
		{97A0081A-9D4A-482A-A5C5-415AFF0E0E26}.Release|Any CPU.ActiveCfg = Release|Any CPU
		{97A0081A-9D4A-482A-A5C5-415AFF0E0E26}.Release|Any CPU.Build.0 = Release|Any CPU
		{97A0081A-9D4A-482A-A5C5-415AFF0E0E26}.Release|x64.ActiveCfg = Release|Any CPU
		{97A0081A-9D4A-482A-A5C5-415AFF0E0E26}.Release|x64.Build.0 = Release|Any CPU
		{97A0081A-9D4A-482A-A5C5-415AFF0E0E26}.Release|x86.ActiveCfg = Release|Any CPU
		{97A0081A-9D4A-482A-A5C5-415AFF0E0E26}.Release|x86.Build.0 = Release|Any CPU
		{284AF4A4-C131-4D0B-87F3-110ECA7AB576}.Debug|Any CPU.ActiveCfg = Debug|Any CPU
		{284AF4A4-C131-4D0B-87F3-110ECA7AB576}.Debug|Any CPU.Build.0 = Debug|Any CPU
		{284AF4A4-C131-4D0B-87F3-110ECA7AB576}.Debug|x64.ActiveCfg = Debug|Any CPU
		{284AF4A4-C131-4D0B-87F3-110ECA7AB576}.Debug|x64.Build.0 = Debug|Any CPU
		{284AF4A4-C131-4D0B-87F3-110ECA7AB576}.Debug|x86.ActiveCfg = Debug|Any CPU
		{284AF4A4-C131-4D0B-87F3-110ECA7AB576}.Debug|x86.Build.0 = Debug|Any CPU
		{284AF4A4-C131-4D0B-87F3-110ECA7AB576}.Release|Any CPU.ActiveCfg = Release|Any CPU
		{284AF4A4-C131-4D0B-87F3-110ECA7AB576}.Release|Any CPU.Build.0 = Release|Any CPU
		{284AF4A4-C131-4D0B-87F3-110ECA7AB576}.Release|x64.ActiveCfg = Release|Any CPU
		{284AF4A4-C131-4D0B-87F3-110ECA7AB576}.Release|x64.Build.0 = Release|Any CPU
		{284AF4A4-C131-4D0B-87F3-110ECA7AB576}.Release|x86.ActiveCfg = Release|Any CPU
		{284AF4A4-C131-4D0B-87F3-110ECA7AB576}.Release|x86.Build.0 = Release|Any CPU
		{D5CD077E-F9FE-45E3-A650-C39284CB29C9}.Debug|Any CPU.ActiveCfg = Debug|Any CPU
		{D5CD077E-F9FE-45E3-A650-C39284CB29C9}.Debug|Any CPU.Build.0 = Debug|Any CPU
		{D5CD077E-F9FE-45E3-A650-C39284CB29C9}.Debug|x64.ActiveCfg = Debug|Any CPU
		{D5CD077E-F9FE-45E3-A650-C39284CB29C9}.Debug|x64.Build.0 = Debug|Any CPU
		{D5CD077E-F9FE-45E3-A650-C39284CB29C9}.Debug|x86.ActiveCfg = Debug|Any CPU
		{D5CD077E-F9FE-45E3-A650-C39284CB29C9}.Debug|x86.Build.0 = Debug|Any CPU
		{D5CD077E-F9FE-45E3-A650-C39284CB29C9}.Release|Any CPU.ActiveCfg = Release|Any CPU
		{D5CD077E-F9FE-45E3-A650-C39284CB29C9}.Release|Any CPU.Build.0 = Release|Any CPU
		{D5CD077E-F9FE-45E3-A650-C39284CB29C9}.Release|x64.ActiveCfg = Release|Any CPU
		{D5CD077E-F9FE-45E3-A650-C39284CB29C9}.Release|x64.Build.0 = Release|Any CPU
		{D5CD077E-F9FE-45E3-A650-C39284CB29C9}.Release|x86.ActiveCfg = Release|Any CPU
		{D5CD077E-F9FE-45E3-A650-C39284CB29C9}.Release|x86.Build.0 = Release|Any CPU
		{4A7E55CB-B1DC-4CC4-A3C7-98155E1E47E1}.Debug|Any CPU.ActiveCfg = Debug|Any CPU
		{4A7E55CB-B1DC-4CC4-A3C7-98155E1E47E1}.Debug|Any CPU.Build.0 = Debug|Any CPU
		{4A7E55CB-B1DC-4CC4-A3C7-98155E1E47E1}.Debug|x64.ActiveCfg = Debug|Any CPU
		{4A7E55CB-B1DC-4CC4-A3C7-98155E1E47E1}.Debug|x64.Build.0 = Debug|Any CPU
		{4A7E55CB-B1DC-4CC4-A3C7-98155E1E47E1}.Debug|x86.ActiveCfg = Debug|Any CPU
		{4A7E55CB-B1DC-4CC4-A3C7-98155E1E47E1}.Debug|x86.Build.0 = Debug|Any CPU
		{4A7E55CB-B1DC-4CC4-A3C7-98155E1E47E1}.Release|Any CPU.ActiveCfg = Release|Any CPU
		{4A7E55CB-B1DC-4CC4-A3C7-98155E1E47E1}.Release|Any CPU.Build.0 = Release|Any CPU
		{4A7E55CB-B1DC-4CC4-A3C7-98155E1E47E1}.Release|x64.ActiveCfg = Release|Any CPU
		{4A7E55CB-B1DC-4CC4-A3C7-98155E1E47E1}.Release|x64.Build.0 = Release|Any CPU
		{4A7E55CB-B1DC-4CC4-A3C7-98155E1E47E1}.Release|x86.ActiveCfg = Release|Any CPU
		{4A7E55CB-B1DC-4CC4-A3C7-98155E1E47E1}.Release|x86.Build.0 = Release|Any CPU
		{80694DE5-CE10-4606-9C73-4B29069A2E1B}.Debug|Any CPU.ActiveCfg = Debug|Any CPU
		{80694DE5-CE10-4606-9C73-4B29069A2E1B}.Debug|Any CPU.Build.0 = Debug|Any CPU
		{80694DE5-CE10-4606-9C73-4B29069A2E1B}.Debug|x64.ActiveCfg = Debug|Any CPU
		{80694DE5-CE10-4606-9C73-4B29069A2E1B}.Debug|x64.Build.0 = Debug|Any CPU
		{80694DE5-CE10-4606-9C73-4B29069A2E1B}.Debug|x86.ActiveCfg = Debug|Any CPU
		{80694DE5-CE10-4606-9C73-4B29069A2E1B}.Debug|x86.Build.0 = Debug|Any CPU
		{80694DE5-CE10-4606-9C73-4B29069A2E1B}.Release|Any CPU.ActiveCfg = Release|Any CPU
		{80694DE5-CE10-4606-9C73-4B29069A2E1B}.Release|Any CPU.Build.0 = Release|Any CPU
		{80694DE5-CE10-4606-9C73-4B29069A2E1B}.Release|x64.ActiveCfg = Release|Any CPU
		{80694DE5-CE10-4606-9C73-4B29069A2E1B}.Release|x64.Build.0 = Release|Any CPU
		{80694DE5-CE10-4606-9C73-4B29069A2E1B}.Release|x86.ActiveCfg = Release|Any CPU
		{80694DE5-CE10-4606-9C73-4B29069A2E1B}.Release|x86.Build.0 = Release|Any CPU
		{0FD8478E-12CA-4547-BCB6-BBBCB63C6055}.Debug|Any CPU.ActiveCfg = Debug|Any CPU
		{0FD8478E-12CA-4547-BCB6-BBBCB63C6055}.Debug|Any CPU.Build.0 = Debug|Any CPU
		{0FD8478E-12CA-4547-BCB6-BBBCB63C6055}.Debug|x64.ActiveCfg = Debug|Any CPU
		{0FD8478E-12CA-4547-BCB6-BBBCB63C6055}.Debug|x64.Build.0 = Debug|Any CPU
		{0FD8478E-12CA-4547-BCB6-BBBCB63C6055}.Debug|x86.ActiveCfg = Debug|Any CPU
		{0FD8478E-12CA-4547-BCB6-BBBCB63C6055}.Debug|x86.Build.0 = Debug|Any CPU
		{0FD8478E-12CA-4547-BCB6-BBBCB63C6055}.Release|Any CPU.ActiveCfg = Release|Any CPU
		{0FD8478E-12CA-4547-BCB6-BBBCB63C6055}.Release|Any CPU.Build.0 = Release|Any CPU
		{0FD8478E-12CA-4547-BCB6-BBBCB63C6055}.Release|x64.ActiveCfg = Release|Any CPU
		{0FD8478E-12CA-4547-BCB6-BBBCB63C6055}.Release|x64.Build.0 = Release|Any CPU
		{0FD8478E-12CA-4547-BCB6-BBBCB63C6055}.Release|x86.ActiveCfg = Release|Any CPU
		{0FD8478E-12CA-4547-BCB6-BBBCB63C6055}.Release|x86.Build.0 = Release|Any CPU
		{1C84C22B-4B57-451B-B327-FB7DADAE9C2C}.Debug|Any CPU.ActiveCfg = Debug|Any CPU
		{1C84C22B-4B57-451B-B327-FB7DADAE9C2C}.Debug|Any CPU.Build.0 = Debug|Any CPU
		{1C84C22B-4B57-451B-B327-FB7DADAE9C2C}.Debug|x64.ActiveCfg = Debug|Any CPU
		{1C84C22B-4B57-451B-B327-FB7DADAE9C2C}.Debug|x64.Build.0 = Debug|Any CPU
		{1C84C22B-4B57-451B-B327-FB7DADAE9C2C}.Debug|x86.ActiveCfg = Debug|Any CPU
		{1C84C22B-4B57-451B-B327-FB7DADAE9C2C}.Debug|x86.Build.0 = Debug|Any CPU
		{1C84C22B-4B57-451B-B327-FB7DADAE9C2C}.Release|Any CPU.ActiveCfg = Release|Any CPU
		{1C84C22B-4B57-451B-B327-FB7DADAE9C2C}.Release|Any CPU.Build.0 = Release|Any CPU
		{1C84C22B-4B57-451B-B327-FB7DADAE9C2C}.Release|x64.ActiveCfg = Release|Any CPU
		{1C84C22B-4B57-451B-B327-FB7DADAE9C2C}.Release|x64.Build.0 = Release|Any CPU
		{1C84C22B-4B57-451B-B327-FB7DADAE9C2C}.Release|x86.ActiveCfg = Release|Any CPU
		{1C84C22B-4B57-451B-B327-FB7DADAE9C2C}.Release|x86.Build.0 = Release|Any CPU
		{7646B3F8-15E7-419E-AB7E-A8551F350A17}.Debug|Any CPU.ActiveCfg = Debug|Any CPU
		{7646B3F8-15E7-419E-AB7E-A8551F350A17}.Debug|Any CPU.Build.0 = Debug|Any CPU
		{7646B3F8-15E7-419E-AB7E-A8551F350A17}.Debug|x64.ActiveCfg = Debug|Any CPU
		{7646B3F8-15E7-419E-AB7E-A8551F350A17}.Debug|x64.Build.0 = Debug|Any CPU
		{7646B3F8-15E7-419E-AB7E-A8551F350A17}.Debug|x86.ActiveCfg = Debug|Any CPU
		{7646B3F8-15E7-419E-AB7E-A8551F350A17}.Debug|x86.Build.0 = Debug|Any CPU
		{7646B3F8-15E7-419E-AB7E-A8551F350A17}.Release|Any CPU.ActiveCfg = Release|Any CPU
		{7646B3F8-15E7-419E-AB7E-A8551F350A17}.Release|Any CPU.Build.0 = Release|Any CPU
		{7646B3F8-15E7-419E-AB7E-A8551F350A17}.Release|x64.ActiveCfg = Release|Any CPU
		{7646B3F8-15E7-419E-AB7E-A8551F350A17}.Release|x64.Build.0 = Release|Any CPU
		{7646B3F8-15E7-419E-AB7E-A8551F350A17}.Release|x86.ActiveCfg = Release|Any CPU
		{7646B3F8-15E7-419E-AB7E-A8551F350A17}.Release|x86.Build.0 = Release|Any CPU
		{5611F685-E885-47A8-9969-50611C183345}.Debug|Any CPU.ActiveCfg = Debug|Any CPU
		{5611F685-E885-47A8-9969-50611C183345}.Debug|Any CPU.Build.0 = Debug|Any CPU
		{5611F685-E885-47A8-9969-50611C183345}.Debug|x64.ActiveCfg = Debug|Any CPU
		{5611F685-E885-47A8-9969-50611C183345}.Debug|x64.Build.0 = Debug|Any CPU
		{5611F685-E885-47A8-9969-50611C183345}.Debug|x86.ActiveCfg = Debug|Any CPU
		{5611F685-E885-47A8-9969-50611C183345}.Debug|x86.Build.0 = Debug|Any CPU
		{5611F685-E885-47A8-9969-50611C183345}.Release|Any CPU.ActiveCfg = Release|Any CPU
		{5611F685-E885-47A8-9969-50611C183345}.Release|Any CPU.Build.0 = Release|Any CPU
		{5611F685-E885-47A8-9969-50611C183345}.Release|x64.ActiveCfg = Release|Any CPU
		{5611F685-E885-47A8-9969-50611C183345}.Release|x64.Build.0 = Release|Any CPU
		{5611F685-E885-47A8-9969-50611C183345}.Release|x86.ActiveCfg = Release|Any CPU
		{5611F685-E885-47A8-9969-50611C183345}.Release|x86.Build.0 = Release|Any CPU
		{11A9FD32-F123-4D8F-BE64-197A890BC123}.Debug|Any CPU.ActiveCfg = Debug|Any CPU
		{11A9FD32-F123-4D8F-BE64-197A890BC123}.Debug|Any CPU.Build.0 = Debug|Any CPU
		{11A9FD32-F123-4D8F-BE64-197A890BC123}.Debug|x64.ActiveCfg = Debug|Any CPU
		{11A9FD32-F123-4D8F-BE64-197A890BC123}.Debug|x64.Build.0 = Debug|Any CPU
		{11A9FD32-F123-4D8F-BE64-197A890BC123}.Debug|x86.ActiveCfg = Debug|Any CPU
		{11A9FD32-F123-4D8F-BE64-197A890BC123}.Debug|x86.Build.0 = Debug|Any CPU
		{11A9FD32-F123-4D8F-BE64-197A890BC123}.Release|Any CPU.ActiveCfg = Release|Any CPU
		{11A9FD32-F123-4D8F-BE64-197A890BC123}.Release|Any CPU.Build.0 = Release|Any CPU
		{11A9FD32-F123-4D8F-BE64-197A890BC123}.Release|x64.ActiveCfg = Release|Any CPU
		{11A9FD32-F123-4D8F-BE64-197A890BC123}.Release|x64.Build.0 = Release|Any CPU
		{11A9FD32-F123-4D8F-BE64-197A890BC123}.Release|x86.ActiveCfg = Release|Any CPU
		{11A9FD32-F123-4D8F-BE64-197A890BC123}.Release|x86.Build.0 = Release|Any CPU
		{E4F9B9E1-F120-4EB3-9A5B-C05E802D6E6A}.Debug|Any CPU.ActiveCfg = Debug|Any CPU
		{E4F9B9E1-F120-4EB3-9A5B-C05E802D6E6A}.Debug|Any CPU.Build.0 = Debug|Any CPU
		{E4F9B9E1-F120-4EB3-9A5B-C05E802D6E6A}.Debug|x64.ActiveCfg = Debug|Any CPU
		{E4F9B9E1-F120-4EB3-9A5B-C05E802D6E6A}.Debug|x64.Build.0 = Debug|Any CPU
		{E4F9B9E1-F120-4EB3-9A5B-C05E802D6E6A}.Debug|x86.ActiveCfg = Debug|Any CPU
		{E4F9B9E1-F120-4EB3-9A5B-C05E802D6E6A}.Debug|x86.Build.0 = Debug|Any CPU
		{E4F9B9E1-F120-4EB3-9A5B-C05E802D6E6A}.Release|Any CPU.ActiveCfg = Release|Any CPU
		{E4F9B9E1-F120-4EB3-9A5B-C05E802D6E6A}.Release|Any CPU.Build.0 = Release|Any CPU
		{E4F9B9E1-F120-4EB3-9A5B-C05E802D6E6A}.Release|x64.ActiveCfg = Release|Any CPU
		{E4F9B9E1-F120-4EB3-9A5B-C05E802D6E6A}.Release|x64.Build.0 = Release|Any CPU
		{E4F9B9E1-F120-4EB3-9A5B-C05E802D6E6A}.Release|x86.ActiveCfg = Release|Any CPU
		{E4F9B9E1-F120-4EB3-9A5B-C05E802D6E6A}.Release|x86.Build.0 = Release|Any CPU
		{621D1247-DDFF-473E-A6BE-7B964F12984E}.Debug|Any CPU.ActiveCfg = Debug|Any CPU
		{621D1247-DDFF-473E-A6BE-7B964F12984E}.Debug|Any CPU.Build.0 = Debug|Any CPU
		{621D1247-DDFF-473E-A6BE-7B964F12984E}.Debug|x64.ActiveCfg = Debug|Any CPU
		{621D1247-DDFF-473E-A6BE-7B964F12984E}.Debug|x64.Build.0 = Debug|Any CPU
		{621D1247-DDFF-473E-A6BE-7B964F12984E}.Debug|x86.ActiveCfg = Debug|Any CPU
		{621D1247-DDFF-473E-A6BE-7B964F12984E}.Debug|x86.Build.0 = Debug|Any CPU
		{621D1247-DDFF-473E-A6BE-7B964F12984E}.Release|Any CPU.ActiveCfg = Release|Any CPU
		{621D1247-DDFF-473E-A6BE-7B964F12984E}.Release|Any CPU.Build.0 = Release|Any CPU
		{621D1247-DDFF-473E-A6BE-7B964F12984E}.Release|x64.ActiveCfg = Release|Any CPU
		{621D1247-DDFF-473E-A6BE-7B964F12984E}.Release|x64.Build.0 = Release|Any CPU
		{621D1247-DDFF-473E-A6BE-7B964F12984E}.Release|x86.ActiveCfg = Release|Any CPU
		{621D1247-DDFF-473E-A6BE-7B964F12984E}.Release|x86.Build.0 = Release|Any CPU
		{14F18044-E501-4CBA-9CF9-BB832099FFAE}.Debug|Any CPU.ActiveCfg = Debug|Any CPU
		{14F18044-E501-4CBA-9CF9-BB832099FFAE}.Debug|Any CPU.Build.0 = Debug|Any CPU
		{14F18044-E501-4CBA-9CF9-BB832099FFAE}.Debug|x64.ActiveCfg = Debug|Any CPU
		{14F18044-E501-4CBA-9CF9-BB832099FFAE}.Debug|x64.Build.0 = Debug|Any CPU
		{14F18044-E501-4CBA-9CF9-BB832099FFAE}.Debug|x86.ActiveCfg = Debug|Any CPU
		{14F18044-E501-4CBA-9CF9-BB832099FFAE}.Debug|x86.Build.0 = Debug|Any CPU
		{14F18044-E501-4CBA-9CF9-BB832099FFAE}.Release|Any CPU.ActiveCfg = Release|Any CPU
		{14F18044-E501-4CBA-9CF9-BB832099FFAE}.Release|Any CPU.Build.0 = Release|Any CPU
		{14F18044-E501-4CBA-9CF9-BB832099FFAE}.Release|x64.ActiveCfg = Release|Any CPU
		{14F18044-E501-4CBA-9CF9-BB832099FFAE}.Release|x64.Build.0 = Release|Any CPU
		{14F18044-E501-4CBA-9CF9-BB832099FFAE}.Release|x86.ActiveCfg = Release|Any CPU
		{14F18044-E501-4CBA-9CF9-BB832099FFAE}.Release|x86.Build.0 = Release|Any CPU
		{6539B1F3-924B-4BFF-98C5-FDA8AF64A9BE}.Debug|Any CPU.ActiveCfg = Debug|Any CPU
		{6539B1F3-924B-4BFF-98C5-FDA8AF64A9BE}.Debug|Any CPU.Build.0 = Debug|Any CPU
		{6539B1F3-924B-4BFF-98C5-FDA8AF64A9BE}.Debug|x64.ActiveCfg = Debug|Any CPU
		{6539B1F3-924B-4BFF-98C5-FDA8AF64A9BE}.Debug|x64.Build.0 = Debug|Any CPU
		{6539B1F3-924B-4BFF-98C5-FDA8AF64A9BE}.Debug|x86.ActiveCfg = Debug|Any CPU
		{6539B1F3-924B-4BFF-98C5-FDA8AF64A9BE}.Debug|x86.Build.0 = Debug|Any CPU
		{6539B1F3-924B-4BFF-98C5-FDA8AF64A9BE}.Release|Any CPU.ActiveCfg = Release|Any CPU
		{6539B1F3-924B-4BFF-98C5-FDA8AF64A9BE}.Release|Any CPU.Build.0 = Release|Any CPU
		{6539B1F3-924B-4BFF-98C5-FDA8AF64A9BE}.Release|x64.ActiveCfg = Release|Any CPU
		{6539B1F3-924B-4BFF-98C5-FDA8AF64A9BE}.Release|x64.Build.0 = Release|Any CPU
		{6539B1F3-924B-4BFF-98C5-FDA8AF64A9BE}.Release|x86.ActiveCfg = Release|Any CPU
		{6539B1F3-924B-4BFF-98C5-FDA8AF64A9BE}.Release|x86.Build.0 = Release|Any CPU
		{696FAD05-57DA-42A5-AEC3-0A6ED58BD2A6}.Debug|Any CPU.ActiveCfg = Debug|Any CPU
		{696FAD05-57DA-42A5-AEC3-0A6ED58BD2A6}.Debug|Any CPU.Build.0 = Debug|Any CPU
		{696FAD05-57DA-42A5-AEC3-0A6ED58BD2A6}.Debug|x64.ActiveCfg = Debug|Any CPU
		{696FAD05-57DA-42A5-AEC3-0A6ED58BD2A6}.Debug|x64.Build.0 = Debug|Any CPU
		{696FAD05-57DA-42A5-AEC3-0A6ED58BD2A6}.Debug|x86.ActiveCfg = Debug|Any CPU
		{696FAD05-57DA-42A5-AEC3-0A6ED58BD2A6}.Debug|x86.Build.0 = Debug|Any CPU
		{696FAD05-57DA-42A5-AEC3-0A6ED58BD2A6}.Release|Any CPU.ActiveCfg = Release|Any CPU
		{696FAD05-57DA-42A5-AEC3-0A6ED58BD2A6}.Release|Any CPU.Build.0 = Release|Any CPU
		{696FAD05-57DA-42A5-AEC3-0A6ED58BD2A6}.Release|x64.ActiveCfg = Release|Any CPU
		{696FAD05-57DA-42A5-AEC3-0A6ED58BD2A6}.Release|x64.Build.0 = Release|Any CPU
		{696FAD05-57DA-42A5-AEC3-0A6ED58BD2A6}.Release|x86.ActiveCfg = Release|Any CPU
		{696FAD05-57DA-42A5-AEC3-0A6ED58BD2A6}.Release|x86.Build.0 = Release|Any CPU
		{32D9B39B-472D-482A-B995-5A99D06FA889}.Debug|Any CPU.ActiveCfg = Debug|Any CPU
		{32D9B39B-472D-482A-B995-5A99D06FA889}.Debug|Any CPU.Build.0 = Debug|Any CPU
		{32D9B39B-472D-482A-B995-5A99D06FA889}.Debug|x64.ActiveCfg = Debug|Any CPU
		{32D9B39B-472D-482A-B995-5A99D06FA889}.Debug|x64.Build.0 = Debug|Any CPU
		{32D9B39B-472D-482A-B995-5A99D06FA889}.Debug|x86.ActiveCfg = Debug|Any CPU
		{32D9B39B-472D-482A-B995-5A99D06FA889}.Debug|x86.Build.0 = Debug|Any CPU
		{32D9B39B-472D-482A-B995-5A99D06FA889}.Release|Any CPU.ActiveCfg = Release|Any CPU
		{32D9B39B-472D-482A-B995-5A99D06FA889}.Release|Any CPU.Build.0 = Release|Any CPU
		{32D9B39B-472D-482A-B995-5A99D06FA889}.Release|x64.ActiveCfg = Release|Any CPU
		{32D9B39B-472D-482A-B995-5A99D06FA889}.Release|x64.Build.0 = Release|Any CPU
		{32D9B39B-472D-482A-B995-5A99D06FA889}.Release|x86.ActiveCfg = Release|Any CPU
		{32D9B39B-472D-482A-B995-5A99D06FA889}.Release|x86.Build.0 = Release|Any CPU
		{CD910E90-AA5D-4B12-B386-759BCB5664F2}.Debug|Any CPU.ActiveCfg = Debug|Any CPU
		{CD910E90-AA5D-4B12-B386-759BCB5664F2}.Debug|Any CPU.Build.0 = Debug|Any CPU
		{CD910E90-AA5D-4B12-B386-759BCB5664F2}.Debug|x64.ActiveCfg = Debug|Any CPU
		{CD910E90-AA5D-4B12-B386-759BCB5664F2}.Debug|x64.Build.0 = Debug|Any CPU
		{CD910E90-AA5D-4B12-B386-759BCB5664F2}.Debug|x86.ActiveCfg = Debug|Any CPU
		{CD910E90-AA5D-4B12-B386-759BCB5664F2}.Debug|x86.Build.0 = Debug|Any CPU
		{CD910E90-AA5D-4B12-B386-759BCB5664F2}.Release|Any CPU.ActiveCfg = Release|Any CPU
		{CD910E90-AA5D-4B12-B386-759BCB5664F2}.Release|Any CPU.Build.0 = Release|Any CPU
		{CD910E90-AA5D-4B12-B386-759BCB5664F2}.Release|x64.ActiveCfg = Release|Any CPU
		{CD910E90-AA5D-4B12-B386-759BCB5664F2}.Release|x64.Build.0 = Release|Any CPU
		{CD910E90-AA5D-4B12-B386-759BCB5664F2}.Release|x86.ActiveCfg = Release|Any CPU
		{CD910E90-AA5D-4B12-B386-759BCB5664F2}.Release|x86.Build.0 = Release|Any CPU
		{D2DCF6A0-DD48-43E1-BF11-3B2294E7D24F}.Debug|Any CPU.ActiveCfg = Debug|Any CPU
		{D2DCF6A0-DD48-43E1-BF11-3B2294E7D24F}.Debug|Any CPU.Build.0 = Debug|Any CPU
		{D2DCF6A0-DD48-43E1-BF11-3B2294E7D24F}.Debug|x64.ActiveCfg = Debug|Any CPU
		{D2DCF6A0-DD48-43E1-BF11-3B2294E7D24F}.Debug|x64.Build.0 = Debug|Any CPU
		{D2DCF6A0-DD48-43E1-BF11-3B2294E7D24F}.Debug|x86.ActiveCfg = Debug|Any CPU
		{D2DCF6A0-DD48-43E1-BF11-3B2294E7D24F}.Debug|x86.Build.0 = Debug|Any CPU
		{D2DCF6A0-DD48-43E1-BF11-3B2294E7D24F}.Release|Any CPU.ActiveCfg = Release|Any CPU
		{D2DCF6A0-DD48-43E1-BF11-3B2294E7D24F}.Release|Any CPU.Build.0 = Release|Any CPU
		{D2DCF6A0-DD48-43E1-BF11-3B2294E7D24F}.Release|x64.ActiveCfg = Release|Any CPU
		{D2DCF6A0-DD48-43E1-BF11-3B2294E7D24F}.Release|x64.Build.0 = Release|Any CPU
		{D2DCF6A0-DD48-43E1-BF11-3B2294E7D24F}.Release|x86.ActiveCfg = Release|Any CPU
		{D2DCF6A0-DD48-43E1-BF11-3B2294E7D24F}.Release|x86.Build.0 = Release|Any CPU
		{09EDB227-C7FB-4A55-B511-C93367C8CE1B}.Debug|Any CPU.ActiveCfg = Debug|Any CPU
		{09EDB227-C7FB-4A55-B511-C93367C8CE1B}.Debug|Any CPU.Build.0 = Debug|Any CPU
		{09EDB227-C7FB-4A55-B511-C93367C8CE1B}.Debug|x64.ActiveCfg = Debug|Any CPU
		{09EDB227-C7FB-4A55-B511-C93367C8CE1B}.Debug|x64.Build.0 = Debug|Any CPU
		{09EDB227-C7FB-4A55-B511-C93367C8CE1B}.Debug|x86.ActiveCfg = Debug|Any CPU
		{09EDB227-C7FB-4A55-B511-C93367C8CE1B}.Debug|x86.Build.0 = Debug|Any CPU
		{09EDB227-C7FB-4A55-B511-C93367C8CE1B}.Release|Any CPU.ActiveCfg = Release|Any CPU
		{09EDB227-C7FB-4A55-B511-C93367C8CE1B}.Release|Any CPU.Build.0 = Release|Any CPU
		{09EDB227-C7FB-4A55-B511-C93367C8CE1B}.Release|x64.ActiveCfg = Release|Any CPU
		{09EDB227-C7FB-4A55-B511-C93367C8CE1B}.Release|x64.Build.0 = Release|Any CPU
		{09EDB227-C7FB-4A55-B511-C93367C8CE1B}.Release|x86.ActiveCfg = Release|Any CPU
		{09EDB227-C7FB-4A55-B511-C93367C8CE1B}.Release|x86.Build.0 = Release|Any CPU
		{2BC89452-B272-47DC-9305-19338BB14E1A}.Debug|Any CPU.ActiveCfg = Debug|Any CPU
		{2BC89452-B272-47DC-9305-19338BB14E1A}.Debug|Any CPU.Build.0 = Debug|Any CPU
		{2BC89452-B272-47DC-9305-19338BB14E1A}.Debug|x64.ActiveCfg = Debug|Any CPU
		{2BC89452-B272-47DC-9305-19338BB14E1A}.Debug|x64.Build.0 = Debug|Any CPU
		{2BC89452-B272-47DC-9305-19338BB14E1A}.Debug|x86.ActiveCfg = Debug|Any CPU
		{2BC89452-B272-47DC-9305-19338BB14E1A}.Debug|x86.Build.0 = Debug|Any CPU
		{2BC89452-B272-47DC-9305-19338BB14E1A}.Release|Any CPU.ActiveCfg = Release|Any CPU
		{2BC89452-B272-47DC-9305-19338BB14E1A}.Release|Any CPU.Build.0 = Release|Any CPU
		{2BC89452-B272-47DC-9305-19338BB14E1A}.Release|x64.ActiveCfg = Release|Any CPU
		{2BC89452-B272-47DC-9305-19338BB14E1A}.Release|x64.Build.0 = Release|Any CPU
		{2BC89452-B272-47DC-9305-19338BB14E1A}.Release|x86.ActiveCfg = Release|Any CPU
		{2BC89452-B272-47DC-9305-19338BB14E1A}.Release|x86.Build.0 = Release|Any CPU
		{59A8BCC2-B196-4CA6-883E-A3BF207A101B}.Debug|Any CPU.ActiveCfg = Debug|Any CPU
		{59A8BCC2-B196-4CA6-883E-A3BF207A101B}.Debug|Any CPU.Build.0 = Debug|Any CPU
		{59A8BCC2-B196-4CA6-883E-A3BF207A101B}.Debug|x64.ActiveCfg = Debug|Any CPU
		{59A8BCC2-B196-4CA6-883E-A3BF207A101B}.Debug|x64.Build.0 = Debug|Any CPU
		{59A8BCC2-B196-4CA6-883E-A3BF207A101B}.Debug|x86.ActiveCfg = Debug|Any CPU
		{59A8BCC2-B196-4CA6-883E-A3BF207A101B}.Debug|x86.Build.0 = Debug|Any CPU
		{59A8BCC2-B196-4CA6-883E-A3BF207A101B}.Release|Any CPU.ActiveCfg = Release|Any CPU
		{59A8BCC2-B196-4CA6-883E-A3BF207A101B}.Release|Any CPU.Build.0 = Release|Any CPU
		{59A8BCC2-B196-4CA6-883E-A3BF207A101B}.Release|x64.ActiveCfg = Release|Any CPU
		{59A8BCC2-B196-4CA6-883E-A3BF207A101B}.Release|x64.Build.0 = Release|Any CPU
		{59A8BCC2-B196-4CA6-883E-A3BF207A101B}.Release|x86.ActiveCfg = Release|Any CPU
		{59A8BCC2-B196-4CA6-883E-A3BF207A101B}.Release|x86.Build.0 = Release|Any CPU
		{6E802DEE-CF83-44CB-A496-1611EEEDA5A5}.Debug|Any CPU.ActiveCfg = Debug|Any CPU
		{6E802DEE-CF83-44CB-A496-1611EEEDA5A5}.Debug|Any CPU.Build.0 = Debug|Any CPU
		{6E802DEE-CF83-44CB-A496-1611EEEDA5A5}.Debug|x64.ActiveCfg = Debug|Any CPU
		{6E802DEE-CF83-44CB-A496-1611EEEDA5A5}.Debug|x64.Build.0 = Debug|Any CPU
		{6E802DEE-CF83-44CB-A496-1611EEEDA5A5}.Debug|x86.ActiveCfg = Debug|Any CPU
		{6E802DEE-CF83-44CB-A496-1611EEEDA5A5}.Debug|x86.Build.0 = Debug|Any CPU
		{6E802DEE-CF83-44CB-A496-1611EEEDA5A5}.Release|Any CPU.ActiveCfg = Release|Any CPU
		{6E802DEE-CF83-44CB-A496-1611EEEDA5A5}.Release|Any CPU.Build.0 = Release|Any CPU
		{6E802DEE-CF83-44CB-A496-1611EEEDA5A5}.Release|x64.ActiveCfg = Release|Any CPU
		{6E802DEE-CF83-44CB-A496-1611EEEDA5A5}.Release|x64.Build.0 = Release|Any CPU
		{6E802DEE-CF83-44CB-A496-1611EEEDA5A5}.Release|x86.ActiveCfg = Release|Any CPU
		{6E802DEE-CF83-44CB-A496-1611EEEDA5A5}.Release|x86.Build.0 = Release|Any CPU
		{063E69B1-A42D-412E-A5BF-3B86A3F7C27A}.Debug|Any CPU.ActiveCfg = Debug|Any CPU
		{063E69B1-A42D-412E-A5BF-3B86A3F7C27A}.Debug|Any CPU.Build.0 = Debug|Any CPU
		{063E69B1-A42D-412E-A5BF-3B86A3F7C27A}.Debug|x64.ActiveCfg = Debug|Any CPU
		{063E69B1-A42D-412E-A5BF-3B86A3F7C27A}.Debug|x64.Build.0 = Debug|Any CPU
		{063E69B1-A42D-412E-A5BF-3B86A3F7C27A}.Debug|x86.ActiveCfg = Debug|Any CPU
		{063E69B1-A42D-412E-A5BF-3B86A3F7C27A}.Debug|x86.Build.0 = Debug|Any CPU
		{063E69B1-A42D-412E-A5BF-3B86A3F7C27A}.Release|Any CPU.ActiveCfg = Release|Any CPU
		{063E69B1-A42D-412E-A5BF-3B86A3F7C27A}.Release|Any CPU.Build.0 = Release|Any CPU
		{063E69B1-A42D-412E-A5BF-3B86A3F7C27A}.Release|x64.ActiveCfg = Release|Any CPU
		{063E69B1-A42D-412E-A5BF-3B86A3F7C27A}.Release|x64.Build.0 = Release|Any CPU
		{063E69B1-A42D-412E-A5BF-3B86A3F7C27A}.Release|x86.ActiveCfg = Release|Any CPU
		{063E69B1-A42D-412E-A5BF-3B86A3F7C27A}.Release|x86.Build.0 = Release|Any CPU
		{88A898C3-C6FC-42C2-96E4-0EAAE53E2962}.Debug|Any CPU.ActiveCfg = Debug|Any CPU
		{88A898C3-C6FC-42C2-96E4-0EAAE53E2962}.Debug|Any CPU.Build.0 = Debug|Any CPU
		{88A898C3-C6FC-42C2-96E4-0EAAE53E2962}.Debug|x64.ActiveCfg = Debug|Any CPU
		{88A898C3-C6FC-42C2-96E4-0EAAE53E2962}.Debug|x64.Build.0 = Debug|Any CPU
		{88A898C3-C6FC-42C2-96E4-0EAAE53E2962}.Debug|x86.ActiveCfg = Debug|Any CPU
		{88A898C3-C6FC-42C2-96E4-0EAAE53E2962}.Debug|x86.Build.0 = Debug|Any CPU
		{88A898C3-C6FC-42C2-96E4-0EAAE53E2962}.Release|Any CPU.ActiveCfg = Release|Any CPU
		{88A898C3-C6FC-42C2-96E4-0EAAE53E2962}.Release|Any CPU.Build.0 = Release|Any CPU
		{88A898C3-C6FC-42C2-96E4-0EAAE53E2962}.Release|x64.ActiveCfg = Release|Any CPU
		{88A898C3-C6FC-42C2-96E4-0EAAE53E2962}.Release|x64.Build.0 = Release|Any CPU
		{88A898C3-C6FC-42C2-96E4-0EAAE53E2962}.Release|x86.ActiveCfg = Release|Any CPU
		{88A898C3-C6FC-42C2-96E4-0EAAE53E2962}.Release|x86.Build.0 = Release|Any CPU
		{68E7C247-1B88-47A6-9754-DA2965713F06}.Debug|Any CPU.ActiveCfg = Debug|Any CPU
		{68E7C247-1B88-47A6-9754-DA2965713F06}.Debug|Any CPU.Build.0 = Debug|Any CPU
		{68E7C247-1B88-47A6-9754-DA2965713F06}.Debug|x64.ActiveCfg = Debug|Any CPU
		{68E7C247-1B88-47A6-9754-DA2965713F06}.Debug|x64.Build.0 = Debug|Any CPU
		{68E7C247-1B88-47A6-9754-DA2965713F06}.Debug|x86.ActiveCfg = Debug|Any CPU
		{68E7C247-1B88-47A6-9754-DA2965713F06}.Debug|x86.Build.0 = Debug|Any CPU
		{68E7C247-1B88-47A6-9754-DA2965713F06}.Release|Any CPU.ActiveCfg = Release|Any CPU
		{68E7C247-1B88-47A6-9754-DA2965713F06}.Release|Any CPU.Build.0 = Release|Any CPU
		{68E7C247-1B88-47A6-9754-DA2965713F06}.Release|x64.ActiveCfg = Release|Any CPU
		{68E7C247-1B88-47A6-9754-DA2965713F06}.Release|x64.Build.0 = Release|Any CPU
		{68E7C247-1B88-47A6-9754-DA2965713F06}.Release|x86.ActiveCfg = Release|Any CPU
		{68E7C247-1B88-47A6-9754-DA2965713F06}.Release|x86.Build.0 = Release|Any CPU
		{D271298B-5D05-4D5F-9658-4E0CADBA6DAA}.Debug|Any CPU.ActiveCfg = Debug|Any CPU
		{D271298B-5D05-4D5F-9658-4E0CADBA6DAA}.Debug|Any CPU.Build.0 = Debug|Any CPU
		{D271298B-5D05-4D5F-9658-4E0CADBA6DAA}.Debug|x64.ActiveCfg = Debug|Any CPU
		{D271298B-5D05-4D5F-9658-4E0CADBA6DAA}.Debug|x64.Build.0 = Debug|Any CPU
		{D271298B-5D05-4D5F-9658-4E0CADBA6DAA}.Debug|x86.ActiveCfg = Debug|Any CPU
		{D271298B-5D05-4D5F-9658-4E0CADBA6DAA}.Debug|x86.Build.0 = Debug|Any CPU
		{D271298B-5D05-4D5F-9658-4E0CADBA6DAA}.Release|Any CPU.ActiveCfg = Release|Any CPU
		{D271298B-5D05-4D5F-9658-4E0CADBA6DAA}.Release|Any CPU.Build.0 = Release|Any CPU
		{D271298B-5D05-4D5F-9658-4E0CADBA6DAA}.Release|x64.ActiveCfg = Release|Any CPU
		{D271298B-5D05-4D5F-9658-4E0CADBA6DAA}.Release|x64.Build.0 = Release|Any CPU
		{D271298B-5D05-4D5F-9658-4E0CADBA6DAA}.Release|x86.ActiveCfg = Release|Any CPU
		{D271298B-5D05-4D5F-9658-4E0CADBA6DAA}.Release|x86.Build.0 = Release|Any CPU
		{7509714A-0C2B-4C90-B284-4697B73B7522}.Debug|Any CPU.ActiveCfg = Debug|Any CPU
		{7509714A-0C2B-4C90-B284-4697B73B7522}.Debug|Any CPU.Build.0 = Debug|Any CPU
		{7509714A-0C2B-4C90-B284-4697B73B7522}.Debug|x64.ActiveCfg = Debug|Any CPU
		{7509714A-0C2B-4C90-B284-4697B73B7522}.Debug|x64.Build.0 = Debug|Any CPU
		{7509714A-0C2B-4C90-B284-4697B73B7522}.Debug|x86.ActiveCfg = Debug|Any CPU
		{7509714A-0C2B-4C90-B284-4697B73B7522}.Debug|x86.Build.0 = Debug|Any CPU
		{7509714A-0C2B-4C90-B284-4697B73B7522}.Release|Any CPU.ActiveCfg = Release|Any CPU
		{7509714A-0C2B-4C90-B284-4697B73B7522}.Release|Any CPU.Build.0 = Release|Any CPU
		{7509714A-0C2B-4C90-B284-4697B73B7522}.Release|x64.ActiveCfg = Release|Any CPU
		{7509714A-0C2B-4C90-B284-4697B73B7522}.Release|x64.Build.0 = Release|Any CPU
		{7509714A-0C2B-4C90-B284-4697B73B7522}.Release|x86.ActiveCfg = Release|Any CPU
		{7509714A-0C2B-4C90-B284-4697B73B7522}.Release|x86.Build.0 = Release|Any CPU
		{37B281BA-EF82-47AB-84D3-02C9564488FA}.Debug|Any CPU.ActiveCfg = Debug|Any CPU
		{37B281BA-EF82-47AB-84D3-02C9564488FA}.Debug|Any CPU.Build.0 = Debug|Any CPU
		{37B281BA-EF82-47AB-84D3-02C9564488FA}.Debug|x64.ActiveCfg = Debug|Any CPU
		{37B281BA-EF82-47AB-84D3-02C9564488FA}.Debug|x64.Build.0 = Debug|Any CPU
		{37B281BA-EF82-47AB-84D3-02C9564488FA}.Debug|x86.ActiveCfg = Debug|Any CPU
		{37B281BA-EF82-47AB-84D3-02C9564488FA}.Debug|x86.Build.0 = Debug|Any CPU
		{37B281BA-EF82-47AB-84D3-02C9564488FA}.Release|Any CPU.ActiveCfg = Release|Any CPU
		{37B281BA-EF82-47AB-84D3-02C9564488FA}.Release|Any CPU.Build.0 = Release|Any CPU
		{37B281BA-EF82-47AB-84D3-02C9564488FA}.Release|x64.ActiveCfg = Release|Any CPU
		{37B281BA-EF82-47AB-84D3-02C9564488FA}.Release|x64.Build.0 = Release|Any CPU
		{37B281BA-EF82-47AB-84D3-02C9564488FA}.Release|x86.ActiveCfg = Release|Any CPU
		{37B281BA-EF82-47AB-84D3-02C9564488FA}.Release|x86.Build.0 = Release|Any CPU
		{A62DCDC8-71B7-47D0-9FAB-0C8D7BB571B8}.Debug|Any CPU.ActiveCfg = Debug|Any CPU
		{A62DCDC8-71B7-47D0-9FAB-0C8D7BB571B8}.Debug|Any CPU.Build.0 = Debug|Any CPU
		{A62DCDC8-71B7-47D0-9FAB-0C8D7BB571B8}.Debug|x64.ActiveCfg = Debug|Any CPU
		{A62DCDC8-71B7-47D0-9FAB-0C8D7BB571B8}.Debug|x64.Build.0 = Debug|Any CPU
		{A62DCDC8-71B7-47D0-9FAB-0C8D7BB571B8}.Debug|x86.ActiveCfg = Debug|Any CPU
		{A62DCDC8-71B7-47D0-9FAB-0C8D7BB571B8}.Debug|x86.Build.0 = Debug|Any CPU
		{A62DCDC8-71B7-47D0-9FAB-0C8D7BB571B8}.Release|Any CPU.ActiveCfg = Release|Any CPU
		{A62DCDC8-71B7-47D0-9FAB-0C8D7BB571B8}.Release|Any CPU.Build.0 = Release|Any CPU
		{A62DCDC8-71B7-47D0-9FAB-0C8D7BB571B8}.Release|x64.ActiveCfg = Release|Any CPU
		{A62DCDC8-71B7-47D0-9FAB-0C8D7BB571B8}.Release|x64.Build.0 = Release|Any CPU
		{A62DCDC8-71B7-47D0-9FAB-0C8D7BB571B8}.Release|x86.ActiveCfg = Release|Any CPU
		{A62DCDC8-71B7-47D0-9FAB-0C8D7BB571B8}.Release|x86.Build.0 = Release|Any CPU
		{1FD23B66-577E-42A7-9547-CF39D8AF44E0}.Debug|Any CPU.ActiveCfg = Debug|Any CPU
		{1FD23B66-577E-42A7-9547-CF39D8AF44E0}.Debug|Any CPU.Build.0 = Debug|Any CPU
		{1FD23B66-577E-42A7-9547-CF39D8AF44E0}.Debug|x64.ActiveCfg = Debug|Any CPU
		{1FD23B66-577E-42A7-9547-CF39D8AF44E0}.Debug|x64.Build.0 = Debug|Any CPU
		{1FD23B66-577E-42A7-9547-CF39D8AF44E0}.Debug|x86.ActiveCfg = Debug|Any CPU
		{1FD23B66-577E-42A7-9547-CF39D8AF44E0}.Debug|x86.Build.0 = Debug|Any CPU
		{1FD23B66-577E-42A7-9547-CF39D8AF44E0}.Release|Any CPU.ActiveCfg = Release|Any CPU
		{1FD23B66-577E-42A7-9547-CF39D8AF44E0}.Release|Any CPU.Build.0 = Release|Any CPU
		{1FD23B66-577E-42A7-9547-CF39D8AF44E0}.Release|x64.ActiveCfg = Release|Any CPU
		{1FD23B66-577E-42A7-9547-CF39D8AF44E0}.Release|x64.Build.0 = Release|Any CPU
		{1FD23B66-577E-42A7-9547-CF39D8AF44E0}.Release|x86.ActiveCfg = Release|Any CPU
		{1FD23B66-577E-42A7-9547-CF39D8AF44E0}.Release|x86.Build.0 = Release|Any CPU
		{159BDAAC-B678-45BF-A717-7759DCBF3FC4}.Debug|Any CPU.ActiveCfg = Debug|Any CPU
		{159BDAAC-B678-45BF-A717-7759DCBF3FC4}.Debug|Any CPU.Build.0 = Debug|Any CPU
		{159BDAAC-B678-45BF-A717-7759DCBF3FC4}.Debug|x64.ActiveCfg = Debug|Any CPU
		{159BDAAC-B678-45BF-A717-7759DCBF3FC4}.Debug|x64.Build.0 = Debug|Any CPU
		{159BDAAC-B678-45BF-A717-7759DCBF3FC4}.Debug|x86.ActiveCfg = Debug|Any CPU
		{159BDAAC-B678-45BF-A717-7759DCBF3FC4}.Debug|x86.Build.0 = Debug|Any CPU
		{159BDAAC-B678-45BF-A717-7759DCBF3FC4}.Release|Any CPU.ActiveCfg = Release|Any CPU
		{159BDAAC-B678-45BF-A717-7759DCBF3FC4}.Release|Any CPU.Build.0 = Release|Any CPU
		{159BDAAC-B678-45BF-A717-7759DCBF3FC4}.Release|x64.ActiveCfg = Release|Any CPU
		{159BDAAC-B678-45BF-A717-7759DCBF3FC4}.Release|x64.Build.0 = Release|Any CPU
		{159BDAAC-B678-45BF-A717-7759DCBF3FC4}.Release|x86.ActiveCfg = Release|Any CPU
		{159BDAAC-B678-45BF-A717-7759DCBF3FC4}.Release|x86.Build.0 = Release|Any CPU
		{256864AB-C307-4C79-9B2D-08E53CC41FED}.Debug|Any CPU.ActiveCfg = Debug|Any CPU
		{256864AB-C307-4C79-9B2D-08E53CC41FED}.Debug|Any CPU.Build.0 = Debug|Any CPU
		{256864AB-C307-4C79-9B2D-08E53CC41FED}.Debug|x64.ActiveCfg = Debug|Any CPU
		{256864AB-C307-4C79-9B2D-08E53CC41FED}.Debug|x64.Build.0 = Debug|Any CPU
		{256864AB-C307-4C79-9B2D-08E53CC41FED}.Debug|x86.ActiveCfg = Debug|Any CPU
		{256864AB-C307-4C79-9B2D-08E53CC41FED}.Debug|x86.Build.0 = Debug|Any CPU
		{256864AB-C307-4C79-9B2D-08E53CC41FED}.Release|Any CPU.ActiveCfg = Release|Any CPU
		{256864AB-C307-4C79-9B2D-08E53CC41FED}.Release|Any CPU.Build.0 = Release|Any CPU
		{256864AB-C307-4C79-9B2D-08E53CC41FED}.Release|x64.ActiveCfg = Release|Any CPU
		{256864AB-C307-4C79-9B2D-08E53CC41FED}.Release|x64.Build.0 = Release|Any CPU
		{256864AB-C307-4C79-9B2D-08E53CC41FED}.Release|x86.ActiveCfg = Release|Any CPU
		{256864AB-C307-4C79-9B2D-08E53CC41FED}.Release|x86.Build.0 = Release|Any CPU
		{89DA42F1-F2A0-4F97-9A1D-EB80D448EF33}.Debug|Any CPU.ActiveCfg = Debug|Any CPU
		{89DA42F1-F2A0-4F97-9A1D-EB80D448EF33}.Debug|Any CPU.Build.0 = Debug|Any CPU
		{89DA42F1-F2A0-4F97-9A1D-EB80D448EF33}.Debug|x64.ActiveCfg = Debug|Any CPU
		{89DA42F1-F2A0-4F97-9A1D-EB80D448EF33}.Debug|x64.Build.0 = Debug|Any CPU
		{89DA42F1-F2A0-4F97-9A1D-EB80D448EF33}.Debug|x86.ActiveCfg = Debug|Any CPU
		{89DA42F1-F2A0-4F97-9A1D-EB80D448EF33}.Debug|x86.Build.0 = Debug|Any CPU
		{89DA42F1-F2A0-4F97-9A1D-EB80D448EF33}.Release|Any CPU.ActiveCfg = Release|Any CPU
		{89DA42F1-F2A0-4F97-9A1D-EB80D448EF33}.Release|Any CPU.Build.0 = Release|Any CPU
		{89DA42F1-F2A0-4F97-9A1D-EB80D448EF33}.Release|x64.ActiveCfg = Release|Any CPU
		{89DA42F1-F2A0-4F97-9A1D-EB80D448EF33}.Release|x64.Build.0 = Release|Any CPU
		{89DA42F1-F2A0-4F97-9A1D-EB80D448EF33}.Release|x86.ActiveCfg = Release|Any CPU
		{89DA42F1-F2A0-4F97-9A1D-EB80D448EF33}.Release|x86.Build.0 = Release|Any CPU
		{DC75F17D-9121-4395-90CE-A6B1D0143580}.Debug|Any CPU.ActiveCfg = Debug|Any CPU
		{DC75F17D-9121-4395-90CE-A6B1D0143580}.Debug|Any CPU.Build.0 = Debug|Any CPU
		{DC75F17D-9121-4395-90CE-A6B1D0143580}.Debug|x64.ActiveCfg = Debug|Any CPU
		{DC75F17D-9121-4395-90CE-A6B1D0143580}.Debug|x64.Build.0 = Debug|Any CPU
		{DC75F17D-9121-4395-90CE-A6B1D0143580}.Debug|x86.ActiveCfg = Debug|Any CPU
		{DC75F17D-9121-4395-90CE-A6B1D0143580}.Debug|x86.Build.0 = Debug|Any CPU
		{DC75F17D-9121-4395-90CE-A6B1D0143580}.Release|Any CPU.ActiveCfg = Release|Any CPU
		{DC75F17D-9121-4395-90CE-A6B1D0143580}.Release|Any CPU.Build.0 = Release|Any CPU
		{DC75F17D-9121-4395-90CE-A6B1D0143580}.Release|x64.ActiveCfg = Release|Any CPU
		{DC75F17D-9121-4395-90CE-A6B1D0143580}.Release|x64.Build.0 = Release|Any CPU
		{DC75F17D-9121-4395-90CE-A6B1D0143580}.Release|x86.ActiveCfg = Release|Any CPU
		{DC75F17D-9121-4395-90CE-A6B1D0143580}.Release|x86.Build.0 = Release|Any CPU
		{F938DEE8-A7D4-4C05-81AF-EF5DE6A9F382}.Debug|Any CPU.ActiveCfg = Debug|Any CPU
		{F938DEE8-A7D4-4C05-81AF-EF5DE6A9F382}.Debug|Any CPU.Build.0 = Debug|Any CPU
		{F938DEE8-A7D4-4C05-81AF-EF5DE6A9F382}.Debug|x64.ActiveCfg = Debug|Any CPU
		{F938DEE8-A7D4-4C05-81AF-EF5DE6A9F382}.Debug|x64.Build.0 = Debug|Any CPU
		{F938DEE8-A7D4-4C05-81AF-EF5DE6A9F382}.Debug|x86.ActiveCfg = Debug|Any CPU
		{F938DEE8-A7D4-4C05-81AF-EF5DE6A9F382}.Debug|x86.Build.0 = Debug|Any CPU
		{F938DEE8-A7D4-4C05-81AF-EF5DE6A9F382}.Release|Any CPU.ActiveCfg = Release|Any CPU
		{F938DEE8-A7D4-4C05-81AF-EF5DE6A9F382}.Release|Any CPU.Build.0 = Release|Any CPU
		{F938DEE8-A7D4-4C05-81AF-EF5DE6A9F382}.Release|x64.ActiveCfg = Release|Any CPU
		{F938DEE8-A7D4-4C05-81AF-EF5DE6A9F382}.Release|x64.Build.0 = Release|Any CPU
		{F938DEE8-A7D4-4C05-81AF-EF5DE6A9F382}.Release|x86.ActiveCfg = Release|Any CPU
		{F938DEE8-A7D4-4C05-81AF-EF5DE6A9F382}.Release|x86.Build.0 = Release|Any CPU
		{0DF4D45C-DB14-4468-B1EF-EDD017B63E68}.Debug|Any CPU.ActiveCfg = Debug|Any CPU
		{0DF4D45C-DB14-4468-B1EF-EDD017B63E68}.Debug|Any CPU.Build.0 = Debug|Any CPU
		{0DF4D45C-DB14-4468-B1EF-EDD017B63E68}.Debug|x64.ActiveCfg = Debug|Any CPU
		{0DF4D45C-DB14-4468-B1EF-EDD017B63E68}.Debug|x64.Build.0 = Debug|Any CPU
		{0DF4D45C-DB14-4468-B1EF-EDD017B63E68}.Debug|x86.ActiveCfg = Debug|Any CPU
		{0DF4D45C-DB14-4468-B1EF-EDD017B63E68}.Debug|x86.Build.0 = Debug|Any CPU
		{0DF4D45C-DB14-4468-B1EF-EDD017B63E68}.Release|Any CPU.ActiveCfg = Release|Any CPU
		{0DF4D45C-DB14-4468-B1EF-EDD017B63E68}.Release|Any CPU.Build.0 = Release|Any CPU
		{0DF4D45C-DB14-4468-B1EF-EDD017B63E68}.Release|x64.ActiveCfg = Release|Any CPU
		{0DF4D45C-DB14-4468-B1EF-EDD017B63E68}.Release|x64.Build.0 = Release|Any CPU
		{0DF4D45C-DB14-4468-B1EF-EDD017B63E68}.Release|x86.ActiveCfg = Release|Any CPU
		{0DF4D45C-DB14-4468-B1EF-EDD017B63E68}.Release|x86.Build.0 = Release|Any CPU
		{3CEF853A-5CC0-4B45-BA46-D733FCFA761C}.Debug|Any CPU.ActiveCfg = Debug|Any CPU
		{3CEF853A-5CC0-4B45-BA46-D733FCFA761C}.Debug|Any CPU.Build.0 = Debug|Any CPU
		{3CEF853A-5CC0-4B45-BA46-D733FCFA761C}.Debug|x64.ActiveCfg = Debug|Any CPU
		{3CEF853A-5CC0-4B45-BA46-D733FCFA761C}.Debug|x64.Build.0 = Debug|Any CPU
		{3CEF853A-5CC0-4B45-BA46-D733FCFA761C}.Debug|x86.ActiveCfg = Debug|Any CPU
		{3CEF853A-5CC0-4B45-BA46-D733FCFA761C}.Debug|x86.Build.0 = Debug|Any CPU
		{3CEF853A-5CC0-4B45-BA46-D733FCFA761C}.Release|Any CPU.ActiveCfg = Release|Any CPU
		{3CEF853A-5CC0-4B45-BA46-D733FCFA761C}.Release|Any CPU.Build.0 = Release|Any CPU
		{3CEF853A-5CC0-4B45-BA46-D733FCFA761C}.Release|x64.ActiveCfg = Release|Any CPU
		{3CEF853A-5CC0-4B45-BA46-D733FCFA761C}.Release|x64.Build.0 = Release|Any CPU
		{3CEF853A-5CC0-4B45-BA46-D733FCFA761C}.Release|x86.ActiveCfg = Release|Any CPU
		{3CEF853A-5CC0-4B45-BA46-D733FCFA761C}.Release|x86.Build.0 = Release|Any CPU
		{3A0E0077-DB46-43E7-B788-43F5ECFB6637}.Debug|Any CPU.ActiveCfg = Debug|Any CPU
		{3A0E0077-DB46-43E7-B788-43F5ECFB6637}.Debug|Any CPU.Build.0 = Debug|Any CPU
		{3A0E0077-DB46-43E7-B788-43F5ECFB6637}.Debug|x64.ActiveCfg = Debug|Any CPU
		{3A0E0077-DB46-43E7-B788-43F5ECFB6637}.Debug|x64.Build.0 = Debug|Any CPU
		{3A0E0077-DB46-43E7-B788-43F5ECFB6637}.Debug|x86.ActiveCfg = Debug|Any CPU
		{3A0E0077-DB46-43E7-B788-43F5ECFB6637}.Debug|x86.Build.0 = Debug|Any CPU
		{3A0E0077-DB46-43E7-B788-43F5ECFB6637}.Release|Any CPU.ActiveCfg = Release|Any CPU
		{3A0E0077-DB46-43E7-B788-43F5ECFB6637}.Release|Any CPU.Build.0 = Release|Any CPU
		{3A0E0077-DB46-43E7-B788-43F5ECFB6637}.Release|x64.ActiveCfg = Release|Any CPU
		{3A0E0077-DB46-43E7-B788-43F5ECFB6637}.Release|x64.Build.0 = Release|Any CPU
		{3A0E0077-DB46-43E7-B788-43F5ECFB6637}.Release|x86.ActiveCfg = Release|Any CPU
		{3A0E0077-DB46-43E7-B788-43F5ECFB6637}.Release|x86.Build.0 = Release|Any CPU
		{107F6BEF-B333-4642-BE51-B81DA0241D09}.Debug|Any CPU.ActiveCfg = Debug|Any CPU
		{107F6BEF-B333-4642-BE51-B81DA0241D09}.Debug|Any CPU.Build.0 = Debug|Any CPU
		{107F6BEF-B333-4642-BE51-B81DA0241D09}.Debug|x64.ActiveCfg = Debug|Any CPU
		{107F6BEF-B333-4642-BE51-B81DA0241D09}.Debug|x64.Build.0 = Debug|Any CPU
		{107F6BEF-B333-4642-BE51-B81DA0241D09}.Debug|x86.ActiveCfg = Debug|Any CPU
		{107F6BEF-B333-4642-BE51-B81DA0241D09}.Debug|x86.Build.0 = Debug|Any CPU
		{107F6BEF-B333-4642-BE51-B81DA0241D09}.Release|Any CPU.ActiveCfg = Release|Any CPU
		{107F6BEF-B333-4642-BE51-B81DA0241D09}.Release|Any CPU.Build.0 = Release|Any CPU
		{107F6BEF-B333-4642-BE51-B81DA0241D09}.Release|x64.ActiveCfg = Release|Any CPU
		{107F6BEF-B333-4642-BE51-B81DA0241D09}.Release|x64.Build.0 = Release|Any CPU
		{107F6BEF-B333-4642-BE51-B81DA0241D09}.Release|x86.ActiveCfg = Release|Any CPU
		{107F6BEF-B333-4642-BE51-B81DA0241D09}.Release|x86.Build.0 = Release|Any CPU
		{980A9D7A-6C04-4385-855D-79995514F0D3}.Debug|Any CPU.ActiveCfg = Debug|Any CPU
		{980A9D7A-6C04-4385-855D-79995514F0D3}.Debug|Any CPU.Build.0 = Debug|Any CPU
		{980A9D7A-6C04-4385-855D-79995514F0D3}.Debug|x64.ActiveCfg = Debug|Any CPU
		{980A9D7A-6C04-4385-855D-79995514F0D3}.Debug|x64.Build.0 = Debug|Any CPU
		{980A9D7A-6C04-4385-855D-79995514F0D3}.Debug|x86.ActiveCfg = Debug|Any CPU
		{980A9D7A-6C04-4385-855D-79995514F0D3}.Debug|x86.Build.0 = Debug|Any CPU
		{980A9D7A-6C04-4385-855D-79995514F0D3}.Release|Any CPU.ActiveCfg = Release|Any CPU
		{980A9D7A-6C04-4385-855D-79995514F0D3}.Release|Any CPU.Build.0 = Release|Any CPU
		{980A9D7A-6C04-4385-855D-79995514F0D3}.Release|x64.ActiveCfg = Release|Any CPU
		{980A9D7A-6C04-4385-855D-79995514F0D3}.Release|x64.Build.0 = Release|Any CPU
		{980A9D7A-6C04-4385-855D-79995514F0D3}.Release|x86.ActiveCfg = Release|Any CPU
		{980A9D7A-6C04-4385-855D-79995514F0D3}.Release|x86.Build.0 = Release|Any CPU
		{59E1E040-9506-4F36-B39E-2A23CA315D37}.Debug|Any CPU.ActiveCfg = Debug|Any CPU
		{59E1E040-9506-4F36-B39E-2A23CA315D37}.Debug|Any CPU.Build.0 = Debug|Any CPU
		{59E1E040-9506-4F36-B39E-2A23CA315D37}.Debug|x64.ActiveCfg = Debug|Any CPU
		{59E1E040-9506-4F36-B39E-2A23CA315D37}.Debug|x64.Build.0 = Debug|Any CPU
		{59E1E040-9506-4F36-B39E-2A23CA315D37}.Debug|x86.ActiveCfg = Debug|Any CPU
		{59E1E040-9506-4F36-B39E-2A23CA315D37}.Debug|x86.Build.0 = Debug|Any CPU
		{59E1E040-9506-4F36-B39E-2A23CA315D37}.Release|Any CPU.ActiveCfg = Release|Any CPU
		{59E1E040-9506-4F36-B39E-2A23CA315D37}.Release|Any CPU.Build.0 = Release|Any CPU
		{59E1E040-9506-4F36-B39E-2A23CA315D37}.Release|x64.ActiveCfg = Release|Any CPU
		{59E1E040-9506-4F36-B39E-2A23CA315D37}.Release|x64.Build.0 = Release|Any CPU
		{59E1E040-9506-4F36-B39E-2A23CA315D37}.Release|x86.ActiveCfg = Release|Any CPU
		{59E1E040-9506-4F36-B39E-2A23CA315D37}.Release|x86.Build.0 = Release|Any CPU
		{78CB3CF5-2389-44B3-B31F-33AE19B50105}.Debug|Any CPU.ActiveCfg = Debug|Any CPU
		{78CB3CF5-2389-44B3-B31F-33AE19B50105}.Debug|Any CPU.Build.0 = Debug|Any CPU
		{78CB3CF5-2389-44B3-B31F-33AE19B50105}.Debug|x64.ActiveCfg = Debug|Any CPU
		{78CB3CF5-2389-44B3-B31F-33AE19B50105}.Debug|x64.Build.0 = Debug|Any CPU
		{78CB3CF5-2389-44B3-B31F-33AE19B50105}.Debug|x86.ActiveCfg = Debug|Any CPU
		{78CB3CF5-2389-44B3-B31F-33AE19B50105}.Debug|x86.Build.0 = Debug|Any CPU
		{78CB3CF5-2389-44B3-B31F-33AE19B50105}.Release|Any CPU.ActiveCfg = Release|Any CPU
		{78CB3CF5-2389-44B3-B31F-33AE19B50105}.Release|Any CPU.Build.0 = Release|Any CPU
		{78CB3CF5-2389-44B3-B31F-33AE19B50105}.Release|x64.ActiveCfg = Release|Any CPU
		{78CB3CF5-2389-44B3-B31F-33AE19B50105}.Release|x64.Build.0 = Release|Any CPU
		{78CB3CF5-2389-44B3-B31F-33AE19B50105}.Release|x86.ActiveCfg = Release|Any CPU
		{78CB3CF5-2389-44B3-B31F-33AE19B50105}.Release|x86.Build.0 = Release|Any CPU
		{F0C5E0DD-0E58-4108-940D-FBC203423664}.Debug|Any CPU.ActiveCfg = Debug|Any CPU
		{F0C5E0DD-0E58-4108-940D-FBC203423664}.Debug|Any CPU.Build.0 = Debug|Any CPU
		{F0C5E0DD-0E58-4108-940D-FBC203423664}.Debug|x64.ActiveCfg = Debug|Any CPU
		{F0C5E0DD-0E58-4108-940D-FBC203423664}.Debug|x64.Build.0 = Debug|Any CPU
		{F0C5E0DD-0E58-4108-940D-FBC203423664}.Debug|x86.ActiveCfg = Debug|Any CPU
		{F0C5E0DD-0E58-4108-940D-FBC203423664}.Debug|x86.Build.0 = Debug|Any CPU
		{F0C5E0DD-0E58-4108-940D-FBC203423664}.Release|Any CPU.ActiveCfg = Release|Any CPU
		{F0C5E0DD-0E58-4108-940D-FBC203423664}.Release|Any CPU.Build.0 = Release|Any CPU
		{F0C5E0DD-0E58-4108-940D-FBC203423664}.Release|x64.ActiveCfg = Release|Any CPU
		{F0C5E0DD-0E58-4108-940D-FBC203423664}.Release|x64.Build.0 = Release|Any CPU
		{F0C5E0DD-0E58-4108-940D-FBC203423664}.Release|x86.ActiveCfg = Release|Any CPU
		{F0C5E0DD-0E58-4108-940D-FBC203423664}.Release|x86.Build.0 = Release|Any CPU
		{7017AA5A-2367-4319-96B1-5D3C8BFD33C2}.Debug|Any CPU.ActiveCfg = Debug|Any CPU
		{7017AA5A-2367-4319-96B1-5D3C8BFD33C2}.Debug|Any CPU.Build.0 = Debug|Any CPU
		{7017AA5A-2367-4319-96B1-5D3C8BFD33C2}.Debug|x64.ActiveCfg = Debug|Any CPU
		{7017AA5A-2367-4319-96B1-5D3C8BFD33C2}.Debug|x64.Build.0 = Debug|Any CPU
		{7017AA5A-2367-4319-96B1-5D3C8BFD33C2}.Debug|x86.ActiveCfg = Debug|Any CPU
		{7017AA5A-2367-4319-96B1-5D3C8BFD33C2}.Debug|x86.Build.0 = Debug|Any CPU
		{7017AA5A-2367-4319-96B1-5D3C8BFD33C2}.Release|Any CPU.ActiveCfg = Release|Any CPU
		{7017AA5A-2367-4319-96B1-5D3C8BFD33C2}.Release|Any CPU.Build.0 = Release|Any CPU
		{7017AA5A-2367-4319-96B1-5D3C8BFD33C2}.Release|x64.ActiveCfg = Release|Any CPU
		{7017AA5A-2367-4319-96B1-5D3C8BFD33C2}.Release|x64.Build.0 = Release|Any CPU
		{7017AA5A-2367-4319-96B1-5D3C8BFD33C2}.Release|x86.ActiveCfg = Release|Any CPU
		{7017AA5A-2367-4319-96B1-5D3C8BFD33C2}.Release|x86.Build.0 = Release|Any CPU
		{9A94F975-98CC-4648-B6C6-3A23BFBA3727}.Debug|Any CPU.ActiveCfg = Debug|Any CPU
		{9A94F975-98CC-4648-B6C6-3A23BFBA3727}.Debug|Any CPU.Build.0 = Debug|Any CPU
		{9A94F975-98CC-4648-B6C6-3A23BFBA3727}.Debug|x64.ActiveCfg = Debug|Any CPU
		{9A94F975-98CC-4648-B6C6-3A23BFBA3727}.Debug|x64.Build.0 = Debug|Any CPU
		{9A94F975-98CC-4648-B6C6-3A23BFBA3727}.Debug|x86.ActiveCfg = Debug|Any CPU
		{9A94F975-98CC-4648-B6C6-3A23BFBA3727}.Debug|x86.Build.0 = Debug|Any CPU
		{9A94F975-98CC-4648-B6C6-3A23BFBA3727}.Release|Any CPU.ActiveCfg = Release|Any CPU
		{9A94F975-98CC-4648-B6C6-3A23BFBA3727}.Release|Any CPU.Build.0 = Release|Any CPU
		{9A94F975-98CC-4648-B6C6-3A23BFBA3727}.Release|x64.ActiveCfg = Release|Any CPU
		{9A94F975-98CC-4648-B6C6-3A23BFBA3727}.Release|x64.Build.0 = Release|Any CPU
		{9A94F975-98CC-4648-B6C6-3A23BFBA3727}.Release|x86.ActiveCfg = Release|Any CPU
		{9A94F975-98CC-4648-B6C6-3A23BFBA3727}.Release|x86.Build.0 = Release|Any CPU
		{E6B1D5CC-7B10-47B6-A89C-7D0EB3CFF896}.Debug|Any CPU.ActiveCfg = Debug|Any CPU
		{E6B1D5CC-7B10-47B6-A89C-7D0EB3CFF896}.Debug|Any CPU.Build.0 = Debug|Any CPU
		{E6B1D5CC-7B10-47B6-A89C-7D0EB3CFF896}.Debug|x64.ActiveCfg = Debug|Any CPU
		{E6B1D5CC-7B10-47B6-A89C-7D0EB3CFF896}.Debug|x64.Build.0 = Debug|Any CPU
		{E6B1D5CC-7B10-47B6-A89C-7D0EB3CFF896}.Debug|x86.ActiveCfg = Debug|Any CPU
		{E6B1D5CC-7B10-47B6-A89C-7D0EB3CFF896}.Debug|x86.Build.0 = Debug|Any CPU
		{E6B1D5CC-7B10-47B6-A89C-7D0EB3CFF896}.Release|Any CPU.ActiveCfg = Release|Any CPU
		{E6B1D5CC-7B10-47B6-A89C-7D0EB3CFF896}.Release|Any CPU.Build.0 = Release|Any CPU
		{E6B1D5CC-7B10-47B6-A89C-7D0EB3CFF896}.Release|x64.ActiveCfg = Release|Any CPU
		{E6B1D5CC-7B10-47B6-A89C-7D0EB3CFF896}.Release|x64.Build.0 = Release|Any CPU
		{E6B1D5CC-7B10-47B6-A89C-7D0EB3CFF896}.Release|x86.ActiveCfg = Release|Any CPU
		{E6B1D5CC-7B10-47B6-A89C-7D0EB3CFF896}.Release|x86.Build.0 = Release|Any CPU
		{033DF75E-84DC-4905-8ED5-EC1D79C0D959}.Debug|Any CPU.ActiveCfg = Debug|Any CPU
		{033DF75E-84DC-4905-8ED5-EC1D79C0D959}.Debug|Any CPU.Build.0 = Debug|Any CPU
		{033DF75E-84DC-4905-8ED5-EC1D79C0D959}.Debug|x64.ActiveCfg = Debug|Any CPU
		{033DF75E-84DC-4905-8ED5-EC1D79C0D959}.Debug|x64.Build.0 = Debug|Any CPU
		{033DF75E-84DC-4905-8ED5-EC1D79C0D959}.Debug|x86.ActiveCfg = Debug|Any CPU
		{033DF75E-84DC-4905-8ED5-EC1D79C0D959}.Debug|x86.Build.0 = Debug|Any CPU
		{033DF75E-84DC-4905-8ED5-EC1D79C0D959}.Release|Any CPU.ActiveCfg = Release|Any CPU
		{033DF75E-84DC-4905-8ED5-EC1D79C0D959}.Release|Any CPU.Build.0 = Release|Any CPU
		{033DF75E-84DC-4905-8ED5-EC1D79C0D959}.Release|x64.ActiveCfg = Release|Any CPU
		{033DF75E-84DC-4905-8ED5-EC1D79C0D959}.Release|x64.Build.0 = Release|Any CPU
		{033DF75E-84DC-4905-8ED5-EC1D79C0D959}.Release|x86.ActiveCfg = Release|Any CPU
		{033DF75E-84DC-4905-8ED5-EC1D79C0D959}.Release|x86.Build.0 = Release|Any CPU
	EndGlobalSection
EndGlobal
