
Microsoft Visual Studio Solution File, Format Version 12.00
# Visual Studio Version 17
VisualStudioVersion = 17.0.31903.59
MinimumVisualStudioVersion = 10.0.40219.1
Project("{FAE04EC0-301F-11D3-BF4B-00C04F79EFBC}") = "exerciciosfase1", "exerciciosfase1\exerciciosfase1.csproj", "{439FCCF6-1644-464F-9C5F-2504B5BC60C1}"
EndProject
Project("{FAE04EC0-301F-11D3-BF4B-00C04F79EFBC}") = "exerciciosfase2", "exerciciosfase2\exerciciosfase2.csproj", "{0ADD6560-FA31-4ADD-A6F0-298B17000ACF}"
EndProject
Project("{FAE04EC0-301F-11D3-BF4B-00C04F79EFBC}") = "exerciciosfase3", "exerciciosfase3\exerciciosfase3.csproj", "{9BB34DD8-F19B-4856-815A-CF941DF10265}"
EndProject
Project("{FAE04EC0-301F-11D3-BF4B-00C04F79EFBC}") = "exercicios4", "exercicios4\exercicios4.csproj", "{E83660A9-932B-4B94-BC6E-E9F27E16ACB4}"
EndProject
Project("{FAE04EC0-301F-11D3-BF4B-00C04F79EFBC}") = "exercicios5", "exercicios5\exercicios5.csproj", "{546DE455-BDDC-4573-8661-1B78C40AC748}"
EndProject
Project("{FAE04EC0-301F-11D3-BF4B-00C04F79EFBC}") = "exercicios6", "exercicios6\exercicios6.csproj", "{DBF7F402-619C-4EAC-BB93-FD335B7C2815}"
EndProject
Project("{FAE04EC0-301F-11D3-BF4B-00C04F79EFBC}") = "exercicios7", "exercicios7\exercicios7.csproj", "{3FF989DA-08D5-4A3E-ABFF-D06019D1C0FA}"
EndProject
Project("{FAE04EC0-301F-11D3-BF4B-00C04F79EFBC}") = "exercicios8", "exercicios8\exercicios8.csproj", "{15D663A3-2E02-47A2-8049-0528C644E643}"
EndProject
Project("{FAE04EC0-301F-11D3-BF4B-00C04F79EFBC}") = "exercicios9", "exercicios9\exercicios9.csproj", "{97A0081A-9D4A-482A-A5C5-415AFF0E0E26}"
EndProject
Project("{FAE04EC0-301F-11D3-BF4B-00C04F79EFBC}") = "exercicios10", "exercicios10\exercicios10.csproj", "{284AF4A4-C131-4D0B-87F3-110ECA7AB576}"
EndProject
Project("{FAE04EC0-301F-11D3-BF4B-00C04F79EFBC}") = "exercicios11", "exercicios11\exercicios11.csproj", "{D5CD077E-F9FE-45E3-A650-C39284CB29C9}"
EndProject
Project("{FAE04EC0-301F-11D3-BF4B-00C04F79EFBC}") = "exercicios12", "exercicios12\exercicios12.csproj", "{4A7E55CB-B1DC-4CC4-A3C7-98155E1E47E1}"
EndProject
Project("{FAE04EC0-301F-11D3-BF4B-00C04F79EFBC}") = "exercicios13", "exercicios13\exercicios13.csproj", "{80694DE5-CE10-4606-9C73-4B29069A2E1B}"
EndProject
Project("{FAE04EC0-301F-11D3-BF4B-00C04F79EFBC}") = "exercicios14", "exercicios14\exercicios14.csproj", "{8D50EA37-4C95-45F2-8751-48EB44932AF6}"
EndProject
Global
	GlobalSection(SolutionProperties) = preSolution
		HideSolutionNode = FALSE
	EndGlobalSection
	GlobalSection(SolutionConfigurationPlatforms) = preSolution
		Debug|Any CPU = Debug|Any CPU
		Debug|x64 = Debug|x64
		Debug|x86 = Debug|x86
		Release|Any CPU = Release|Any CPU
		Release|x64 = Release|x64
		Release|x86 = Release|x86
	EndGlobalSection
	GlobalSection(ProjectConfigurationPlatforms) = postSolution
		{439FCCF6-1644-464F-9C5F-2504B5BC60C1}.Debug|Any CPU.ActiveCfg = Debug|Any CPU
		{439FCCF6-1644-464F-9C5F-2504B5BC60C1}.Debug|Any CPU.Build.0 = Debug|Any CPU
		{439FCCF6-1644-464F-9C5F-2504B5BC60C1}.Debug|x64.ActiveCfg = Debug|Any CPU
		{439FCCF6-1644-464F-9C5F-2504B5BC60C1}.Debug|x64.Build.0 = Debug|Any CPU
		{439FCCF6-1644-464F-9C5F-2504B5BC60C1}.Debug|x86.ActiveCfg = Debug|Any CPU
		{439FCCF6-1644-464F-9C5F-2504B5BC60C1}.Debug|x86.Build.0 = Debug|Any CPU
		{439FCCF6-1644-464F-9C5F-2504B5BC60C1}.Release|Any CPU.ActiveCfg = Release|Any CPU
		{439FCCF6-1644-464F-9C5F-2504B5BC60C1}.Release|Any CPU.Build.0 = Release|Any CPU
		{439FCCF6-1644-464F-9C5F-2504B5BC60C1}.Release|x64.ActiveCfg = Release|Any CPU
		{439FCCF6-1644-464F-9C5F-2504B5BC60C1}.Release|x64.Build.0 = Release|Any CPU
		{439FCCF6-1644-464F-9C5F-2504B5BC60C1}.Release|x86.ActiveCfg = Release|Any CPU
		{439FCCF6-1644-464F-9C5F-2504B5BC60C1}.Release|x86.Build.0 = Release|Any CPU
		{0ADD6560-FA31-4ADD-A6F0-298B17000ACF}.Debug|Any CPU.ActiveCfg = Debug|Any CPU
		{0ADD6560-FA31-4ADD-A6F0-298B17000ACF}.Debug|Any CPU.Build.0 = Debug|Any CPU
		{0ADD6560-FA31-4ADD-A6F0-298B17000ACF}.Debug|x64.ActiveCfg = Debug|Any CPU
		{0ADD6560-FA31-4ADD-A6F0-298B17000ACF}.Debug|x64.Build.0 = Debug|Any CPU
		{0ADD6560-FA31-4ADD-A6F0-298B17000ACF}.Debug|x86.ActiveCfg = Debug|Any CPU
		{0ADD6560-FA31-4ADD-A6F0-298B17000ACF}.Debug|x86.Build.0 = Debug|Any CPU
		{0ADD6560-FA31-4ADD-A6F0-298B17000ACF}.Release|Any CPU.ActiveCfg = Release|Any CPU
		{0ADD6560-FA31-4ADD-A6F0-298B17000ACF}.Release|Any CPU.Build.0 = Release|Any CPU
		{0ADD6560-FA31-4ADD-A6F0-298B17000ACF}.Release|x64.ActiveCfg = Release|Any CPU
		{0ADD6560-FA31-4ADD-A6F0-298B17000ACF}.Release|x64.Build.0 = Release|Any CPU
		{0ADD6560-FA31-4ADD-A6F0-298B17000ACF}.Release|x86.ActiveCfg = Release|Any CPU
		{0ADD6560-FA31-4ADD-A6F0-298B17000ACF}.Release|x86.Build.0 = Release|Any CPU
		{9BB34DD8-F19B-4856-815A-CF941DF10265}.Debug|Any CPU.ActiveCfg = Debug|Any CPU
		{9BB34DD8-F19B-4856-815A-CF941DF10265}.Debug|Any CPU.Build.0 = Debug|Any CPU
		{9BB34DD8-F19B-4856-815A-CF941DF10265}.Debug|x64.ActiveCfg = Debug|Any CPU
		{9BB34DD8-F19B-4856-815A-CF941DF10265}.Debug|x64.Build.0 = Debug|Any CPU
		{9BB34DD8-F19B-4856-815A-CF941DF10265}.Debug|x86.ActiveCfg = Debug|Any CPU
		{9BB34DD8-F19B-4856-815A-CF941DF10265}.Debug|x86.Build.0 = Debug|Any CPU
		{9BB34DD8-F19B-4856-815A-CF941DF10265}.Release|Any CPU.ActiveCfg = Release|Any CPU
		{9BB34DD8-F19B-4856-815A-CF941DF10265}.Release|Any CPU.Build.0 = Release|Any CPU
		{9BB34DD8-F19B-4856-815A-CF941DF10265}.Release|x64.ActiveCfg = Release|Any CPU
		{9BB34DD8-F19B-4856-815A-CF941DF10265}.Release|x64.Build.0 = Release|Any CPU
		{9BB34DD8-F19B-4856-815A-CF941DF10265}.Release|x86.ActiveCfg = Release|Any CPU
		{9BB34DD8-F19B-4856-815A-CF941DF10265}.Release|x86.Build.0 = Release|Any CPU
		{E83660A9-932B-4B94-BC6E-E9F27E16ACB4}.Debug|Any CPU.ActiveCfg = Debug|Any CPU
		{E83660A9-932B-4B94-BC6E-E9F27E16ACB4}.Debug|Any CPU.Build.0 = Debug|Any CPU
		{E83660A9-932B-4B94-BC6E-E9F27E16ACB4}.Debug|x64.ActiveCfg = Debug|Any CPU
		{E83660A9-932B-4B94-BC6E-E9F27E16ACB4}.Debug|x64.Build.0 = Debug|Any CPU
		{E83660A9-932B-4B94-BC6E-E9F27E16ACB4}.Debug|x86.ActiveCfg = Debug|Any CPU
		{E83660A9-932B-4B94-BC6E-E9F27E16ACB4}.Debug|x86.Build.0 = Debug|Any CPU
		{E83660A9-932B-4B94-BC6E-E9F27E16ACB4}.Release|Any CPU.ActiveCfg = Release|Any CPU
		{E83660A9-932B-4B94-BC6E-E9F27E16ACB4}.Release|Any CPU.Build.0 = Release|Any CPU
		{E83660A9-932B-4B94-BC6E-E9F27E16ACB4}.Release|x64.ActiveCfg = Release|Any CPU
		{E83660A9-932B-4B94-BC6E-E9F27E16ACB4}.Release|x64.Build.0 = Release|Any CPU
		{E83660A9-932B-4B94-BC6E-E9F27E16ACB4}.Release|x86.ActiveCfg = Release|Any CPU
		{E83660A9-932B-4B94-BC6E-E9F27E16ACB4}.Release|x86.Build.0 = Release|Any CPU
		{546DE455-BDDC-4573-8661-1B78C40AC748}.Debug|Any CPU.ActiveCfg = Debug|Any CPU
		{546DE455-BDDC-4573-8661-1B78C40AC748}.Debug|Any CPU.Build.0 = Debug|Any CPU
		{546DE455-BDDC-4573-8661-1B78C40AC748}.Debug|x64.ActiveCfg = Debug|Any CPU
		{546DE455-BDDC-4573-8661-1B78C40AC748}.Debug|x64.Build.0 = Debug|Any CPU
		{546DE455-BDDC-4573-8661-1B78C40AC748}.Debug|x86.ActiveCfg = Debug|Any CPU
		{546DE455-BDDC-4573-8661-1B78C40AC748}.Debug|x86.Build.0 = Debug|Any CPU
		{546DE455-BDDC-4573-8661-1B78C40AC748}.Release|Any CPU.ActiveCfg = Release|Any CPU
		{546DE455-BDDC-4573-8661-1B78C40AC748}.Release|Any CPU.Build.0 = Release|Any CPU
		{546DE455-BDDC-4573-8661-1B78C40AC748}.Release|x64.ActiveCfg = Release|Any CPU
		{546DE455-BDDC-4573-8661-1B78C40AC748}.Release|x64.Build.0 = Release|Any CPU
		{546DE455-BDDC-4573-8661-1B78C40AC748}.Release|x86.ActiveCfg = Release|Any CPU
		{546DE455-BDDC-4573-8661-1B78C40AC748}.Release|x86.Build.0 = Release|Any CPU
		{DBF7F402-619C-4EAC-BB93-FD335B7C2815}.Debug|Any CPU.ActiveCfg = Debug|Any CPU
		{DBF7F402-619C-4EAC-BB93-FD335B7C2815}.Debug|Any CPU.Build.0 = Debug|Any CPU
		{DBF7F402-619C-4EAC-BB93-FD335B7C2815}.Debug|x64.ActiveCfg = Debug|Any CPU
		{DBF7F402-619C-4EAC-BB93-FD335B7C2815}.Debug|x64.Build.0 = Debug|Any CPU
		{DBF7F402-619C-4EAC-BB93-FD335B7C2815}.Debug|x86.ActiveCfg = Debug|Any CPU
		{DBF7F402-619C-4EAC-BB93-FD335B7C2815}.Debug|x86.Build.0 = Debug|Any CPU
		{DBF7F402-619C-4EAC-BB93-FD335B7C2815}.Release|Any CPU.ActiveCfg = Release|Any CPU
		{DBF7F402-619C-4EAC-BB93-FD335B7C2815}.Release|Any CPU.Build.0 = Release|Any CPU
		{DBF7F402-619C-4EAC-BB93-FD335B7C2815}.Release|x64.ActiveCfg = Release|Any CPU
		{DBF7F402-619C-4EAC-BB93-FD335B7C2815}.Release|x64.Build.0 = Release|Any CPU
		{DBF7F402-619C-4EAC-BB93-FD335B7C2815}.Release|x86.ActiveCfg = Release|Any CPU
		{DBF7F402-619C-4EAC-BB93-FD335B7C2815}.Release|x86.Build.0 = Release|Any CPU
		{3FF989DA-08D5-4A3E-ABFF-D06019D1C0FA}.Debug|Any CPU.ActiveCfg = Debug|Any CPU
		{3FF989DA-08D5-4A3E-ABFF-D06019D1C0FA}.Debug|Any CPU.Build.0 = Debug|Any CPU
		{3FF989DA-08D5-4A3E-ABFF-D06019D1C0FA}.Debug|x64.ActiveCfg = Debug|Any CPU
		{3FF989DA-08D5-4A3E-ABFF-D06019D1C0FA}.Debug|x64.Build.0 = Debug|Any CPU
		{3FF989DA-08D5-4A3E-ABFF-D06019D1C0FA}.Debug|x86.ActiveCfg = Debug|Any CPU
		{3FF989DA-08D5-4A3E-ABFF-D06019D1C0FA}.Debug|x86.Build.0 = Debug|Any CPU
		{3FF989DA-08D5-4A3E-ABFF-D06019D1C0FA}.Release|Any CPU.ActiveCfg = Release|Any CPU
		{3FF989DA-08D5-4A3E-ABFF-D06019D1C0FA}.Release|Any CPU.Build.0 = Release|Any CPU
		{3FF989DA-08D5-4A3E-ABFF-D06019D1C0FA}.Release|x64.ActiveCfg = Release|Any CPU
		{3FF989DA-08D5-4A3E-ABFF-D06019D1C0FA}.Release|x64.Build.0 = Release|Any CPU
		{3FF989DA-08D5-4A3E-ABFF-D06019D1C0FA}.Release|x86.ActiveCfg = Release|Any CPU
		{3FF989DA-08D5-4A3E-ABFF-D06019D1C0FA}.Release|x86.Build.0 = Release|Any CPU
		{15D663A3-2E02-47A2-8049-0528C644E643}.Debug|Any CPU.ActiveCfg = Debug|Any CPU
		{15D663A3-2E02-47A2-8049-0528C644E643}.Debug|Any CPU.Build.0 = Debug|Any CPU
		{15D663A3-2E02-47A2-8049-0528C644E643}.Debug|x64.ActiveCfg = Debug|Any CPU
		{15D663A3-2E02-47A2-8049-0528C644E643}.Debug|x64.Build.0 = Debug|Any CPU
		{15D663A3-2E02-47A2-8049-0528C644E643}.Debug|x86.ActiveCfg = Debug|Any CPU
		{15D663A3-2E02-47A2-8049-0528C644E643}.Debug|x86.Build.0 = Debug|Any CPU
		{15D663A3-2E02-47A2-8049-0528C644E643}.Release|Any CPU.ActiveCfg = Release|Any CPU
		{15D663A3-2E02-47A2-8049-0528C644E643}.Release|Any CPU.Build.0 = Release|Any CPU
		{15D663A3-2E02-47A2-8049-0528C644E643}.Release|x64.ActiveCfg = Release|Any CPU
		{15D663A3-2E02-47A2-8049-0528C644E643}.Release|x64.Build.0 = Release|Any CPU
		{15D663A3-2E02-47A2-8049-0528C644E643}.Release|x86.ActiveCfg = Release|Any CPU
		{15D663A3-2E02-47A2-8049-0528C644E643}.Release|x86.Build.0 = Release|Any CPU
		{97A0081A-9D4A-482A-A5C5-415AFF0E0E26}.Debug|Any CPU.ActiveCfg = Debug|Any CPU
		{97A0081A-9D4A-482A-A5C5-415AFF0E0E26}.Debug|Any CPU.Build.0 = Debug|Any CPU
		{97A0081A-9D4A-482A-A5C5-415AFF0E0E26}.Debug|x64.ActiveCfg = Debug|Any CPU
		{97A0081A-9D4A-482A-A5C5-415AFF0E0E26}.Debug|x64.Build.0 = Debug|Any CPU
		{97A0081A-9D4A-482A-A5C5-415AFF0E0E26}.Debug|x86.ActiveCfg = Debug|Any CPU
		{97A0081A-9D4A-482A-A5C5-415AFF0E0E26}.Debug|x86.Build.0 = Debug|Any CPU
		{97A0081A-9D4A-482A-A5C5-415AFF0E0E26}.Release|Any CPU.ActiveCfg = Release|Any CPU
		{97A0081A-9D4A-482A-A5C5-415AFF0E0E26}.Release|Any CPU.Build.0 = Release|Any CPU
		{97A0081A-9D4A-482A-A5C5-415AFF0E0E26}.Release|x64.ActiveCfg = Release|Any CPU
		{97A0081A-9D4A-482A-A5C5-415AFF0E0E26}.Release|x64.Build.0 = Release|Any CPU
		{97A0081A-9D4A-482A-A5C5-415AFF0E0E26}.Release|x86.ActiveCfg = Release|Any CPU
		{97A0081A-9D4A-482A-A5C5-415AFF0E0E26}.Release|x86.Build.0 = Release|Any CPU
		{284AF4A4-C131-4D0B-87F3-110ECA7AB576}.Debug|Any CPU.ActiveCfg = Debug|Any CPU
		{284AF4A4-C131-4D0B-87F3-110ECA7AB576}.Debug|Any CPU.Build.0 = Debug|Any CPU
		{284AF4A4-C131-4D0B-87F3-110ECA7AB576}.Debug|x64.ActiveCfg = Debug|Any CPU
		{284AF4A4-C131-4D0B-87F3-110ECA7AB576}.Debug|x64.Build.0 = Debug|Any CPU
		{284AF4A4-C131-4D0B-87F3-110ECA7AB576}.Debug|x86.ActiveCfg = Debug|Any CPU
		{284AF4A4-C131-4D0B-87F3-110ECA7AB576}.Debug|x86.Build.0 = Debug|Any CPU
		{284AF4A4-C131-4D0B-87F3-110ECA7AB576}.Release|Any CPU.ActiveCfg = Release|Any CPU
		{284AF4A4-C131-4D0B-87F3-110ECA7AB576}.Release|Any CPU.Build.0 = Release|Any CPU
		{284AF4A4-C131-4D0B-87F3-110ECA7AB576}.Release|x64.ActiveCfg = Release|Any CPU
		{284AF4A4-C131-4D0B-87F3-110ECA7AB576}.Release|x64.Build.0 = Release|Any CPU
		{284AF4A4-C131-4D0B-87F3-110ECA7AB576}.Release|x86.ActiveCfg = Release|Any CPU
		{284AF4A4-C131-4D0B-87F3-110ECA7AB576}.Release|x86.Build.0 = Release|Any CPU
		{D5CD077E-F9FE-45E3-A650-C39284CB29C9}.Debug|Any CPU.ActiveCfg = Debug|Any CPU
		{D5CD077E-F9FE-45E3-A650-C39284CB29C9}.Debug|Any CPU.Build.0 = Debug|Any CPU
		{D5CD077E-F9FE-45E3-A650-C39284CB29C9}.Debug|x64.ActiveCfg = Debug|Any CPU
		{D5CD077E-F9FE-45E3-A650-C39284CB29C9}.Debug|x64.Build.0 = Debug|Any CPU
		{D5CD077E-F9FE-45E3-A650-C39284CB29C9}.Debug|x86.ActiveCfg = Debug|Any CPU
		{D5CD077E-F9FE-45E3-A650-C39284CB29C9}.Debug|x86.Build.0 = Debug|Any CPU
		{D5CD077E-F9FE-45E3-A650-C39284CB29C9}.Release|Any CPU.ActiveCfg = Release|Any CPU
		{D5CD077E-F9FE-45E3-A650-C39284CB29C9}.Release|Any CPU.Build.0 = Release|Any CPU
		{D5CD077E-F9FE-45E3-A650-C39284CB29C9}.Release|x64.ActiveCfg = Release|Any CPU
		{D5CD077E-F9FE-45E3-A650-C39284CB29C9}.Release|x64.Build.0 = Release|Any CPU
		{D5CD077E-F9FE-45E3-A650-C39284CB29C9}.Release|x86.ActiveCfg = Release|Any CPU
		{D5CD077E-F9FE-45E3-A650-C39284CB29C9}.Release|x86.Build.0 = Release|Any CPU
		{4A7E55CB-B1DC-4CC4-A3C7-98155E1E47E1}.Debug|Any CPU.ActiveCfg = Debug|Any CPU
		{4A7E55CB-B1DC-4CC4-A3C7-98155E1E47E1}.Debug|Any CPU.Build.0 = Debug|Any CPU
		{4A7E55CB-B1DC-4CC4-A3C7-98155E1E47E1}.Debug|x64.ActiveCfg = Debug|Any CPU
		{4A7E55CB-B1DC-4CC4-A3C7-98155E1E47E1}.Debug|x64.Build.0 = Debug|Any CPU
		{4A7E55CB-B1DC-4CC4-A3C7-98155E1E47E1}.Debug|x86.ActiveCfg = Debug|Any CPU
		{4A7E55CB-B1DC-4CC4-A3C7-98155E1E47E1}.Debug|x86.Build.0 = Debug|Any CPU
		{4A7E55CB-B1DC-4CC4-A3C7-98155E1E47E1}.Release|Any CPU.ActiveCfg = Release|Any CPU
		{4A7E55CB-B1DC-4CC4-A3C7-98155E1E47E1}.Release|Any CPU.Build.0 = Release|Any CPU
		{4A7E55CB-B1DC-4CC4-A3C7-98155E1E47E1}.Release|x64.ActiveCfg = Release|Any CPU
		{4A7E55CB-B1DC-4CC4-A3C7-98155E1E47E1}.Release|x64.Build.0 = Release|Any CPU
		{4A7E55CB-B1DC-4CC4-A3C7-98155E1E47E1}.Release|x86.ActiveCfg = Release|Any CPU
		{4A7E55CB-B1DC-4CC4-A3C7-98155E1E47E1}.Release|x86.Build.0 = Release|Any CPU
		{80694DE5-CE10-4606-9C73-4B29069A2E1B}.Debug|Any CPU.ActiveCfg = Debug|Any CPU
		{80694DE5-CE10-4606-9C73-4B29069A2E1B}.Debug|Any CPU.Build.0 = Debug|Any CPU
		{80694DE5-CE10-4606-9C73-4B29069A2E1B}.Debug|x64.ActiveCfg = Debug|Any CPU
		{80694DE5-CE10-4606-9C73-4B29069A2E1B}.Debug|x64.Build.0 = Debug|Any CPU
		{80694DE5-CE10-4606-9C73-4B29069A2E1B}.Debug|x86.ActiveCfg = Debug|Any CPU
		{80694DE5-CE10-4606-9C73-4B29069A2E1B}.Debug|x86.Build.0 = Debug|Any CPU
		{80694DE5-CE10-4606-9C73-4B29069A2E1B}.Release|Any CPU.ActiveCfg = Release|Any CPU
		{80694DE5-CE10-4606-9C73-4B29069A2E1B}.Release|Any CPU.Build.0 = Release|Any CPU
		{80694DE5-CE10-4606-9C73-4B29069A2E1B}.Release|x64.ActiveCfg = Release|Any CPU
		{80694DE5-CE10-4606-9C73-4B29069A2E1B}.Release|x64.Build.0 = Release|Any CPU
		{80694DE5-CE10-4606-9C73-4B29069A2E1B}.Release|x86.ActiveCfg = Release|Any CPU
		{80694DE5-CE10-4606-9C73-4B29069A2E1B}.Release|x86.Build.0 = Release|Any CPU
		{8D50EA37-4C95-45F2-8751-48EB44932AF6}.Debug|Any CPU.ActiveCfg = Debug|Any CPU
		{8D50EA37-4C95-45F2-8751-48EB44932AF6}.Debug|Any CPU.Build.0 = Debug|Any CPU
		{8D50EA37-4C95-45F2-8751-48EB44932AF6}.Debug|x64.ActiveCfg = Debug|Any CPU
		{8D50EA37-4C95-45F2-8751-48EB44932AF6}.Debug|x64.Build.0 = Debug|Any CPU
		{8D50EA37-4C95-45F2-8751-48EB44932AF6}.Debug|x86.ActiveCfg = Debug|Any CPU
		{8D50EA37-4C95-45F2-8751-48EB44932AF6}.Debug|x86.Build.0 = Debug|Any CPU
		{8D50EA37-4C95-45F2-8751-48EB44932AF6}.Release|Any CPU.ActiveCfg = Release|Any CPU
		{8D50EA37-4C95-45F2-8751-48EB44932AF6}.Release|Any CPU.Build.0 = Release|Any CPU
		{8D50EA37-4C95-45F2-8751-48EB44932AF6}.Release|x64.ActiveCfg = Release|Any CPU
		{8D50EA37-4C95-45F2-8751-48EB44932AF6}.Release|x64.Build.0 = Release|Any CPU
		{8D50EA37-4C95-45F2-8751-48EB44932AF6}.Release|x86.ActiveCfg = Release|Any CPU
		{8D50EA37-4C95-45F2-8751-48EB44932AF6}.Release|x86.Build.0 = Release|Any CPU
	EndGlobalSection
EndGlobal
